// !$*UTF8*$!
{
	archiveVersion = 1;
	classes = {
	};
	objectVersion = 56;
	objects = {

/* Begin PBXBuildFile section */
		F401CAE92A83881400F57F1D /* CodableFeedStore.swift in Sources */ = {isa = PBXBuildFile; fileRef = F401CAE82A83881400F57F1D /* CodableFeedStore.swift */; };
		F43424212A85656800CE0ED1 /* FeedStoreSpecs.swift in Sources */ = {isa = PBXBuildFile; fileRef = F43424202A85656800CE0ED1 /* FeedStoreSpecs.swift */; };
		F43424232A8567AB00CE0ED1 /* XCTestCase+FeedStoreSpecs.swift in Sources */ = {isa = PBXBuildFile; fileRef = F43424222A8567AB00CE0ED1 /* XCTestCase+FeedStoreSpecs.swift */; };
		F43424252A85D70C00CE0ED1 /* XCTestCase+FailableRetrieveFeedStoreSpecs.swift in Sources */ = {isa = PBXBuildFile; fileRef = F43424242A85D70C00CE0ED1 /* XCTestCase+FailableRetrieveFeedStoreSpecs.swift */; };
		F43424272A85DA7600CE0ED1 /* XCTestCase+FailableInsertFeedStoreSpecs.swift in Sources */ = {isa = PBXBuildFile; fileRef = F43424262A85DA7600CE0ED1 /* XCTestCase+FailableInsertFeedStoreSpecs.swift */; };
		F43424292A85DB8900CE0ED1 /* XCTestCase+FailableDeleteFeedStoreSpecs.swift in Sources */ = {isa = PBXBuildFile; fileRef = F43424282A85DB8900CE0ED1 /* XCTestCase+FailableDeleteFeedStoreSpecs.swift */; };
		F437D0392A7E0AF0006356A2 /* ValidateFeedCacheUseCaseTests.swift in Sources */ = {isa = PBXBuildFile; fileRef = F437D0382A7E0AF0006356A2 /* ValidateFeedCacheUseCaseTests.swift */; };
		F47C3B622A5A9BD200B1F60E /* EssentialFeedStudy.framework in Frameworks */ = {isa = PBXBuildFile; fileRef = F47C3B592A5A9BD200B1F60E /* EssentialFeedStudy.framework */; };
		F47C3BA22A5A9DD100B1F60E /* FeedImage.swift in Sources */ = {isa = PBXBuildFile; fileRef = F47C3BA12A5A9DD100B1F60E /* FeedImage.swift */; };
		F47C3BA42A5AAFCF00B1F60E /* FeedLoader.swift in Sources */ = {isa = PBXBuildFile; fileRef = F47C3BA32A5AAFCE00B1F60E /* FeedLoader.swift */; };
		F47C3BA72A5AB5FF00B1F60E /* LoadFeedFromRemoteUseCaseTests.swift in Sources */ = {isa = PBXBuildFile; fileRef = F47C3BA62A5AB5FF00B1F60E /* LoadFeedFromRemoteUseCaseTests.swift */; };
		F47C3BAA2A5B25EE00B1F60E /* RemoteFeedLoader.swift in Sources */ = {isa = PBXBuildFile; fileRef = F47C3BA92A5B25EE00B1F60E /* RemoteFeedLoader.swift */; };
		F48786472A7E399B00563AFC /* FeedCacheTestHelpers.swift in Sources */ = {isa = PBXBuildFile; fileRef = F48786462A7E399B00563AFC /* FeedCacheTestHelpers.swift */; };
		F48786492A7E3B3000563AFC /* SharedTestHelpers.swift in Sources */ = {isa = PBXBuildFile; fileRef = F48786482A7E3B3000563AFC /* SharedTestHelpers.swift */; };
		F487864A2A7E3B6200563AFC /* SharedTestHelpers.swift in Sources */ = {isa = PBXBuildFile; fileRef = F48786482A7E3B3000563AFC /* SharedTestHelpers.swift */; };
		F498498F2A6EF26300C47CC2 /* CacheFeedUseCaseTests.swift in Sources */ = {isa = PBXBuildFile; fileRef = F498498E2A6EF26300C47CC2 /* CacheFeedUseCaseTests.swift */; };
		F4A390712A7F50BE00812A71 /* FeedCachePolicy.swift in Sources */ = {isa = PBXBuildFile; fileRef = F4A390702A7F50BE00812A71 /* FeedCachePolicy.swift */; };
		F4A390732A80E54600812A71 /* CodableFeedStoreTests.swift in Sources */ = {isa = PBXBuildFile; fileRef = F4A390722A80E54600812A71 /* CodableFeedStoreTests.swift */; };
		F4B4C75E2A66C7D0001F8206 /* URLSessionHTTPClient.swift in Sources */ = {isa = PBXBuildFile; fileRef = F4B4C75D2A66C7D0001F8206 /* URLSessionHTTPClient.swift */; };
		F4B68B7C2A5E40750069C8BE /* HTTPClient.swift in Sources */ = {isa = PBXBuildFile; fileRef = F4B68B7B2A5E40750069C8BE /* HTTPClient.swift */; };
		F4B68B7E2A5E445A0069C8BE /* FeedItemsMapper.swift in Sources */ = {isa = PBXBuildFile; fileRef = F4B68B7D2A5E445A0069C8BE /* FeedItemsMapper.swift */; };
		F4BD36EC2A7501FC00AF925C /* LocalFeedLoader.swift in Sources */ = {isa = PBXBuildFile; fileRef = F4BD36EB2A7501FC00AF925C /* LocalFeedLoader.swift */; };
		F4BD36EE2A75036600AF925C /* FeedStore.swift in Sources */ = {isa = PBXBuildFile; fileRef = F4BD36ED2A75036600AF925C /* FeedStore.swift */; };
		F4BD36F02A77523000AF925C /* RemoteFeedItem.swift in Sources */ = {isa = PBXBuildFile; fileRef = F4BD36EF2A77523000AF925C /* RemoteFeedItem.swift */; };
		F4BD36F22A77532F00AF925C /* LocalFeedImage.swift in Sources */ = {isa = PBXBuildFile; fileRef = F4BD36F12A77532F00AF925C /* LocalFeedImage.swift */; };
		F4BD36F42A776A9400AF925C /* LoadFeedFromCacheUseCaseTests.swift in Sources */ = {isa = PBXBuildFile; fileRef = F4BD36F32A776A9400AF925C /* LoadFeedFromCacheUseCaseTests.swift */; };
		F4BD36F72A777C6200AF925C /* FeedStoreSpy.swift in Sources */ = {isa = PBXBuildFile; fileRef = F4BD36F62A777C6200AF925C /* FeedStoreSpy.swift */; };
		F4D1F0622A66D228002859B6 /* EssentialFeedStudyAPIEndToEndTests.swift in Sources */ = {isa = PBXBuildFile; fileRef = F4D1F0612A66D228002859B6 /* EssentialFeedStudyAPIEndToEndTests.swift */; };
		F4D1F0632A66D228002859B6 /* EssentialFeedStudy.framework in Frameworks */ = {isa = PBXBuildFile; fileRef = F47C3B592A5A9BD200B1F60E /* EssentialFeedStudy.framework */; };
		F4D1F0692A681696002859B6 /* XCTestCase+MemoryTracking.swift in Sources */ = {isa = PBXBuildFile; fileRef = F4FD17A62A646E6100E0B37E /* XCTestCase+MemoryTracking.swift */; };
		F4FC62A32A6269F600853612 /* URLSessionHTTPClientTests.swift in Sources */ = {isa = PBXBuildFile; fileRef = F4FC62A22A6269F600853612 /* URLSessionHTTPClientTests.swift */; };
		F4FD17A72A646E6100E0B37E /* XCTestCase+MemoryTracking.swift in Sources */ = {isa = PBXBuildFile; fileRef = F4FD17A62A646E6100E0B37E /* XCTestCase+MemoryTracking.swift */; };
/* End PBXBuildFile section */

/* Begin PBXContainerItemProxy section */
		F47C3B632A5A9BD200B1F60E /* PBXContainerItemProxy */ = {
			isa = PBXContainerItemProxy;
			containerPortal = F47C3B502A5A9BD200B1F60E /* Project object */;
			proxyType = 1;
			remoteGlobalIDString = F47C3B582A5A9BD200B1F60E;
			remoteInfo = EssentialFeedStudy;
		};
		F4D1F0642A66D228002859B6 /* PBXContainerItemProxy */ = {
			isa = PBXContainerItemProxy;
			containerPortal = F47C3B502A5A9BD200B1F60E /* Project object */;
			proxyType = 1;
			remoteGlobalIDString = F47C3B582A5A9BD200B1F60E;
			remoteInfo = EssentialFeedStudy;
		};
/* End PBXContainerItemProxy section */

/* Begin PBXFileReference section */
		F401CAE82A83881400F57F1D /* CodableFeedStore.swift */ = {isa = PBXFileReference; lastKnownFileType = sourcecode.swift; path = CodableFeedStore.swift; sourceTree = "<group>"; };
		F43424202A85656800CE0ED1 /* FeedStoreSpecs.swift */ = {isa = PBXFileReference; lastKnownFileType = sourcecode.swift; path = FeedStoreSpecs.swift; sourceTree = "<group>"; };
		F43424222A8567AB00CE0ED1 /* XCTestCase+FeedStoreSpecs.swift */ = {isa = PBXFileReference; lastKnownFileType = sourcecode.swift; path = "XCTestCase+FeedStoreSpecs.swift"; sourceTree = "<group>"; };
		F43424242A85D70C00CE0ED1 /* XCTestCase+FailableRetrieveFeedStoreSpecs.swift */ = {isa = PBXFileReference; lastKnownFileType = sourcecode.swift; path = "XCTestCase+FailableRetrieveFeedStoreSpecs.swift"; sourceTree = "<group>"; };
		F43424262A85DA7600CE0ED1 /* XCTestCase+FailableInsertFeedStoreSpecs.swift */ = {isa = PBXFileReference; lastKnownFileType = sourcecode.swift; path = "XCTestCase+FailableInsertFeedStoreSpecs.swift"; sourceTree = "<group>"; };
		F43424282A85DB8900CE0ED1 /* XCTestCase+FailableDeleteFeedStoreSpecs.swift */ = {isa = PBXFileReference; lastKnownFileType = sourcecode.swift; path = "XCTestCase+FailableDeleteFeedStoreSpecs.swift"; sourceTree = "<group>"; };
		F437D0382A7E0AF0006356A2 /* ValidateFeedCacheUseCaseTests.swift */ = {isa = PBXFileReference; lastKnownFileType = sourcecode.swift; path = ValidateFeedCacheUseCaseTests.swift; sourceTree = "<group>"; };
		F47C3B592A5A9BD200B1F60E /* EssentialFeedStudy.framework */ = {isa = PBXFileReference; explicitFileType = wrapper.framework; includeInIndex = 0; path = EssentialFeedStudy.framework; sourceTree = BUILT_PRODUCTS_DIR; };
		F47C3B612A5A9BD200B1F60E /* EssentialFeedStudyTests.xctest */ = {isa = PBXFileReference; explicitFileType = wrapper.cfbundle; includeInIndex = 0; path = EssentialFeedStudyTests.xctest; sourceTree = BUILT_PRODUCTS_DIR; };
		F47C3BA12A5A9DD100B1F60E /* FeedImage.swift */ = {isa = PBXFileReference; lastKnownFileType = sourcecode.swift; path = FeedImage.swift; sourceTree = "<group>"; };
		F47C3BA32A5AAFCE00B1F60E /* FeedLoader.swift */ = {isa = PBXFileReference; lastKnownFileType = sourcecode.swift; path = FeedLoader.swift; sourceTree = "<group>"; };
		F47C3BA62A5AB5FF00B1F60E /* LoadFeedFromRemoteUseCaseTests.swift */ = {isa = PBXFileReference; lastKnownFileType = sourcecode.swift; path = LoadFeedFromRemoteUseCaseTests.swift; sourceTree = "<group>"; };
		F47C3BA92A5B25EE00B1F60E /* RemoteFeedLoader.swift */ = {isa = PBXFileReference; lastKnownFileType = sourcecode.swift; path = RemoteFeedLoader.swift; sourceTree = "<group>"; };
		F48786462A7E399B00563AFC /* FeedCacheTestHelpers.swift */ = {isa = PBXFileReference; lastKnownFileType = sourcecode.swift; path = FeedCacheTestHelpers.swift; sourceTree = "<group>"; };
		F48786482A7E3B3000563AFC /* SharedTestHelpers.swift */ = {isa = PBXFileReference; lastKnownFileType = sourcecode.swift; path = SharedTestHelpers.swift; sourceTree = "<group>"; };
		F498498E2A6EF26300C47CC2 /* CacheFeedUseCaseTests.swift */ = {isa = PBXFileReference; lastKnownFileType = sourcecode.swift; path = CacheFeedUseCaseTests.swift; sourceTree = "<group>"; };
		F4A390702A7F50BE00812A71 /* FeedCachePolicy.swift */ = {isa = PBXFileReference; lastKnownFileType = sourcecode.swift; path = FeedCachePolicy.swift; sourceTree = "<group>"; };
		F4A390722A80E54600812A71 /* CodableFeedStoreTests.swift */ = {isa = PBXFileReference; lastKnownFileType = sourcecode.swift; path = CodableFeedStoreTests.swift; sourceTree = "<group>"; };
		F4B4C75D2A66C7D0001F8206 /* URLSessionHTTPClient.swift */ = {isa = PBXFileReference; lastKnownFileType = sourcecode.swift; path = URLSessionHTTPClient.swift; sourceTree = "<group>"; };
		F4B68B7B2A5E40750069C8BE /* HTTPClient.swift */ = {isa = PBXFileReference; lastKnownFileType = sourcecode.swift; path = HTTPClient.swift; sourceTree = "<group>"; };
		F4B68B7D2A5E445A0069C8BE /* FeedItemsMapper.swift */ = {isa = PBXFileReference; lastKnownFileType = sourcecode.swift; path = FeedItemsMapper.swift; sourceTree = "<group>"; };
		F4BD36EB2A7501FC00AF925C /* LocalFeedLoader.swift */ = {isa = PBXFileReference; lastKnownFileType = sourcecode.swift; path = LocalFeedLoader.swift; sourceTree = "<group>"; };
		F4BD36ED2A75036600AF925C /* FeedStore.swift */ = {isa = PBXFileReference; lastKnownFileType = sourcecode.swift; path = FeedStore.swift; sourceTree = "<group>"; };
		F4BD36EF2A77523000AF925C /* RemoteFeedItem.swift */ = {isa = PBXFileReference; lastKnownFileType = sourcecode.swift; path = RemoteFeedItem.swift; sourceTree = "<group>"; };
		F4BD36F12A77532F00AF925C /* LocalFeedImage.swift */ = {isa = PBXFileReference; lastKnownFileType = sourcecode.swift; path = LocalFeedImage.swift; sourceTree = "<group>"; };
		F4BD36F32A776A9400AF925C /* LoadFeedFromCacheUseCaseTests.swift */ = {isa = PBXFileReference; lastKnownFileType = sourcecode.swift; path = LoadFeedFromCacheUseCaseTests.swift; sourceTree = "<group>"; };
		F4BD36F62A777C6200AF925C /* FeedStoreSpy.swift */ = {isa = PBXFileReference; lastKnownFileType = sourcecode.swift; path = FeedStoreSpy.swift; sourceTree = "<group>"; };
		F4D1F05A2A66CF72002859B6 /* EssentialFeedStudy.xctestplan */ = {isa = PBXFileReference; lastKnownFileType = text; path = EssentialFeedStudy.xctestplan; sourceTree = "<group>"; };
		F4D1F05F2A66D228002859B6 /* EssentialFeedStudyAPIEndToEndTests.xctest */ = {isa = PBXFileReference; explicitFileType = wrapper.cfbundle; includeInIndex = 0; path = EssentialFeedStudyAPIEndToEndTests.xctest; sourceTree = BUILT_PRODUCTS_DIR; };
		F4D1F0612A66D228002859B6 /* EssentialFeedStudyAPIEndToEndTests.swift */ = {isa = PBXFileReference; lastKnownFileType = sourcecode.swift; path = EssentialFeedStudyAPIEndToEndTests.swift; sourceTree = "<group>"; };
		F4D1F06A2A68192F002859B6 /* CI.xctestplan */ = {isa = PBXFileReference; lastKnownFileType = text; path = CI.xctestplan; sourceTree = "<group>"; };
		F4D1F06D2A686CB3002859B6 /* EssentialFeedStudyAPIEndToEndTests.xctestplan */ = {isa = PBXFileReference; lastKnownFileType = text; path = EssentialFeedStudyAPIEndToEndTests.xctestplan; sourceTree = SOURCE_ROOT; };
		F4FC62A22A6269F600853612 /* URLSessionHTTPClientTests.swift */ = {isa = PBXFileReference; lastKnownFileType = sourcecode.swift; path = URLSessionHTTPClientTests.swift; sourceTree = "<group>"; };
		F4FD17A62A646E6100E0B37E /* XCTestCase+MemoryTracking.swift */ = {isa = PBXFileReference; lastKnownFileType = sourcecode.swift; path = "XCTestCase+MemoryTracking.swift"; sourceTree = "<group>"; };
/* End PBXFileReference section */

/* Begin PBXFrameworksBuildPhase section */
		F47C3B562A5A9BD200B1F60E /* Frameworks */ = {
			isa = PBXFrameworksBuildPhase;
			buildActionMask = 2147483647;
			files = (
			);
			runOnlyForDeploymentPostprocessing = 0;
		};
		F47C3B5E2A5A9BD200B1F60E /* Frameworks */ = {
			isa = PBXFrameworksBuildPhase;
			buildActionMask = 2147483647;
			files = (
				F47C3B622A5A9BD200B1F60E /* EssentialFeedStudy.framework in Frameworks */,
			);
			runOnlyForDeploymentPostprocessing = 0;
		};
		F4D1F05C2A66D228002859B6 /* Frameworks */ = {
			isa = PBXFrameworksBuildPhase;
			buildActionMask = 2147483647;
			files = (
				F4D1F0632A66D228002859B6 /* EssentialFeedStudy.framework in Frameworks */,
			);
			runOnlyForDeploymentPostprocessing = 0;
		};
/* End PBXFrameworksBuildPhase section */

/* Begin PBXGroup section */
		F41EFE3C2A60F117001043EA /* Feed API */ = {
			isa = PBXGroup;
			children = (
				F47C3BA62A5AB5FF00B1F60E /* LoadFeedFromRemoteUseCaseTests.swift */,
				F4FC62A22A6269F600853612 /* URLSessionHTTPClientTests.swift */,
			);
			path = "Feed API";
			sourceTree = "<group>";
		};
		F47C3B4F2A5A9BD200B1F60E = {
			isa = PBXGroup;
			children = (
				F4D1F06A2A68192F002859B6 /* CI.xctestplan */,
				F4D1F05A2A66CF72002859B6 /* EssentialFeedStudy.xctestplan */,
				F4D1F06D2A686CB3002859B6 /* EssentialFeedStudyAPIEndToEndTests.xctestplan */,
				F47C3B5B2A5A9BD200B1F60E /* EssentialFeedStudy */,
				F47C3B652A5A9BD200B1F60E /* EssentialFeedStudyTests */,
				F4D1F0602A66D228002859B6 /* EssentialFeedStudyAPIEndToEndTests */,
				F47C3B5A2A5A9BD200B1F60E /* Products */,
			);
			sourceTree = "<group>";
		};
		F47C3B5A2A5A9BD200B1F60E /* Products */ = {
			isa = PBXGroup;
			children = (
				F47C3B592A5A9BD200B1F60E /* EssentialFeedStudy.framework */,
				F47C3B612A5A9BD200B1F60E /* EssentialFeedStudyTests.xctest */,
				F4D1F05F2A66D228002859B6 /* EssentialFeedStudyAPIEndToEndTests.xctest */,
			);
			name = Products;
			sourceTree = "<group>";
		};
		F47C3B5B2A5A9BD200B1F60E /* EssentialFeedStudy */ = {
			isa = PBXGroup;
			children = (
				F4BD36EA2A7501DF00AF925C /* Feed Cache */,
				F47C3BA52A5AB10F00B1F60E /* Feed Feature */,
				F47C3BA82A5B25C600B1F60E /* FeedAPI */,
			);
			path = EssentialFeedStudy;
			sourceTree = "<group>";
		};
		F47C3B652A5A9BD200B1F60E /* EssentialFeedStudyTests */ = {
			isa = PBXGroup;
			children = (
				F4FD17A52A646DED00E0B37E /* Helpers */,
				F498498D2A6EF21200C47CC2 /* Feed Cache */,
				F41EFE3C2A60F117001043EA /* Feed API */,
			);
			path = EssentialFeedStudyTests;
			sourceTree = "<group>";
		};
		F47C3BA52A5AB10F00B1F60E /* Feed Feature */ = {
			isa = PBXGroup;
			children = (
				F47C3BA12A5A9DD100B1F60E /* FeedImage.swift */,
				F47C3BA32A5AAFCE00B1F60E /* FeedLoader.swift */,
			);
			path = "Feed Feature";
			sourceTree = "<group>";
		};
		F47C3BA82A5B25C600B1F60E /* FeedAPI */ = {
			isa = PBXGroup;
			children = (
				F47C3BA92A5B25EE00B1F60E /* RemoteFeedLoader.swift */,
				F4B68B7D2A5E445A0069C8BE /* FeedItemsMapper.swift */,
				F4B68B7B2A5E40750069C8BE /* HTTPClient.swift */,
				F4B4C75D2A66C7D0001F8206 /* URLSessionHTTPClient.swift */,
				F4BD36EF2A77523000AF925C /* RemoteFeedItem.swift */,
			);
			path = FeedAPI;
			sourceTree = "<group>";
		};
		F498498D2A6EF21200C47CC2 /* Feed Cache */ = {
			isa = PBXGroup;
			children = (
				F4BD36F52A777C4C00AF925C /* Helpers */,
				F498498E2A6EF26300C47CC2 /* CacheFeedUseCaseTests.swift */,
				F4BD36F32A776A9400AF925C /* LoadFeedFromCacheUseCaseTests.swift */,
				F437D0382A7E0AF0006356A2 /* ValidateFeedCacheUseCaseTests.swift */,
				F4A390722A80E54600812A71 /* CodableFeedStoreTests.swift */,
				F43424202A85656800CE0ED1 /* FeedStoreSpecs.swift */,
				F43424222A8567AB00CE0ED1 /* XCTestCase+FeedStoreSpecs.swift */,
				F43424242A85D70C00CE0ED1 /* XCTestCase+FailableRetrieveFeedStoreSpecs.swift */,
				F43424262A85DA7600CE0ED1 /* XCTestCase+FailableInsertFeedStoreSpecs.swift */,
				F43424282A85DB8900CE0ED1 /* XCTestCase+FailableDeleteFeedStoreSpecs.swift */,
			);
			path = "Feed Cache";
			sourceTree = "<group>";
		};
		F4BD36EA2A7501DF00AF925C /* Feed Cache */ = {
			isa = PBXGroup;
			children = (
				F4BD36EB2A7501FC00AF925C /* LocalFeedLoader.swift */,
				F4BD36ED2A75036600AF925C /* FeedStore.swift */,
				F4BD36F12A77532F00AF925C /* LocalFeedImage.swift */,
				F4A390702A7F50BE00812A71 /* FeedCachePolicy.swift */,
				F401CAE82A83881400F57F1D /* CodableFeedStore.swift */,
			);
			path = "Feed Cache";
			sourceTree = "<group>";
		};
		F4BD36F52A777C4C00AF925C /* Helpers */ = {
			isa = PBXGroup;
			children = (
				F4BD36F62A777C6200AF925C /* FeedStoreSpy.swift */,
				F48786462A7E399B00563AFC /* FeedCacheTestHelpers.swift */,
			);
			path = Helpers;
			sourceTree = "<group>";
		};
		F4D1F0602A66D228002859B6 /* EssentialFeedStudyAPIEndToEndTests */ = {
			isa = PBXGroup;
			children = (
				F4D1F0612A66D228002859B6 /* EssentialFeedStudyAPIEndToEndTests.swift */,
			);
			path = EssentialFeedStudyAPIEndToEndTests;
			sourceTree = "<group>";
		};
		F4FD17A52A646DED00E0B37E /* Helpers */ = {
			isa = PBXGroup;
			children = (
				F4FD17A62A646E6100E0B37E /* XCTestCase+MemoryTracking.swift */,
				F48786482A7E3B3000563AFC /* SharedTestHelpers.swift */,
			);
			path = Helpers;
			sourceTree = "<group>";
		};
/* End PBXGroup section */

/* Begin PBXHeadersBuildPhase section */
		F47C3B542A5A9BD200B1F60E /* Headers */ = {
			isa = PBXHeadersBuildPhase;
			buildActionMask = 2147483647;
			files = (
			);
			runOnlyForDeploymentPostprocessing = 0;
		};
/* End PBXHeadersBuildPhase section */

/* Begin PBXNativeTarget section */
		F47C3B582A5A9BD200B1F60E /* EssentialFeedStudy */ = {
			isa = PBXNativeTarget;
			buildConfigurationList = F47C3B6B2A5A9BD200B1F60E /* Build configuration list for PBXNativeTarget "EssentialFeedStudy" */;
			buildPhases = (
				F47C3B542A5A9BD200B1F60E /* Headers */,
				F47C3B552A5A9BD200B1F60E /* Sources */,
				F47C3B562A5A9BD200B1F60E /* Frameworks */,
				F47C3B572A5A9BD200B1F60E /* Resources */,
			);
			buildRules = (
			);
			dependencies = (
			);
			name = EssentialFeedStudy;
			productName = EssentialFeedStudy;
			productReference = F47C3B592A5A9BD200B1F60E /* EssentialFeedStudy.framework */;
			productType = "com.apple.product-type.framework";
		};
		F47C3B602A5A9BD200B1F60E /* EssentialFeedStudyTests */ = {
			isa = PBXNativeTarget;
			buildConfigurationList = F47C3B6E2A5A9BD200B1F60E /* Build configuration list for PBXNativeTarget "EssentialFeedStudyTests" */;
			buildPhases = (
				F47C3B5D2A5A9BD200B1F60E /* Sources */,
				F47C3B5E2A5A9BD200B1F60E /* Frameworks */,
				F47C3B5F2A5A9BD200B1F60E /* Resources */,
			);
			buildRules = (
			);
			dependencies = (
				F47C3B642A5A9BD200B1F60E /* PBXTargetDependency */,
			);
			name = EssentialFeedStudyTests;
			productName = EssentialFeedStudyTests;
			productReference = F47C3B612A5A9BD200B1F60E /* EssentialFeedStudyTests.xctest */;
			productType = "com.apple.product-type.bundle.unit-test";
		};
		F4D1F05E2A66D228002859B6 /* EssentialFeedStudyAPIEndToEndTests */ = {
			isa = PBXNativeTarget;
			buildConfigurationList = F4D1F0662A66D228002859B6 /* Build configuration list for PBXNativeTarget "EssentialFeedStudyAPIEndToEndTests" */;
			buildPhases = (
				F4D1F05B2A66D228002859B6 /* Sources */,
				F4D1F05C2A66D228002859B6 /* Frameworks */,
				F4D1F05D2A66D228002859B6 /* Resources */,
			);
			buildRules = (
			);
			dependencies = (
				F4D1F0652A66D228002859B6 /* PBXTargetDependency */,
			);
			name = EssentialFeedStudyAPIEndToEndTests;
			productName = EssentialFeedStudyAPIEndToEndTests;
			productReference = F4D1F05F2A66D228002859B6 /* EssentialFeedStudyAPIEndToEndTests.xctest */;
			productType = "com.apple.product-type.bundle.unit-test";
		};
/* End PBXNativeTarget section */

/* Begin PBXProject section */
		F47C3B502A5A9BD200B1F60E /* Project object */ = {
			isa = PBXProject;
			attributes = {
				BuildIndependentTargetsInParallel = 1;
				LastSwiftUpdateCheck = 1430;
				LastUpgradeCheck = 1430;
				TargetAttributes = {
					F47C3B582A5A9BD200B1F60E = {
						CreatedOnToolsVersion = 14.3.1;
						LastSwiftMigration = 1430;
					};
					F47C3B602A5A9BD200B1F60E = {
						CreatedOnToolsVersion = 14.3.1;
					};
					F4D1F05E2A66D228002859B6 = {
						CreatedOnToolsVersion = 14.3.1;
					};
				};
			};
			buildConfigurationList = F47C3B532A5A9BD200B1F60E /* Build configuration list for PBXProject "EssentialFeedStudy" */;
			compatibilityVersion = "Xcode 14.0";
			developmentRegion = en;
			hasScannedForEncodings = 0;
			knownRegions = (
				en,
				Base,
			);
			mainGroup = F47C3B4F2A5A9BD200B1F60E;
			productRefGroup = F47C3B5A2A5A9BD200B1F60E /* Products */;
			projectDirPath = "";
			projectRoot = "";
			targets = (
				F47C3B582A5A9BD200B1F60E /* EssentialFeedStudy */,
				F47C3B602A5A9BD200B1F60E /* EssentialFeedStudyTests */,
				F4D1F05E2A66D228002859B6 /* EssentialFeedStudyAPIEndToEndTests */,
			);
		};
/* End PBXProject section */

/* Begin PBXResourcesBuildPhase section */
		F47C3B572A5A9BD200B1F60E /* Resources */ = {
			isa = PBXResourcesBuildPhase;
			buildActionMask = 2147483647;
			files = (
			);
			runOnlyForDeploymentPostprocessing = 0;
		};
		F47C3B5F2A5A9BD200B1F60E /* Resources */ = {
			isa = PBXResourcesBuildPhase;
			buildActionMask = 2147483647;
			files = (
			);
			runOnlyForDeploymentPostprocessing = 0;
		};
		F4D1F05D2A66D228002859B6 /* Resources */ = {
			isa = PBXResourcesBuildPhase;
			buildActionMask = 2147483647;
			files = (
			);
			runOnlyForDeploymentPostprocessing = 0;
		};
/* End PBXResourcesBuildPhase section */

/* Begin PBXSourcesBuildPhase section */
		F47C3B552A5A9BD200B1F60E /* Sources */ = {
			isa = PBXSourcesBuildPhase;
			buildActionMask = 2147483647;
			files = (
				F4B68B7E2A5E445A0069C8BE /* FeedItemsMapper.swift in Sources */,
				F47C3BA42A5AAFCF00B1F60E /* FeedLoader.swift in Sources */,
				F4BD36F02A77523000AF925C /* RemoteFeedItem.swift in Sources */,
				F4A390712A7F50BE00812A71 /* FeedCachePolicy.swift in Sources */,
				F47C3BAA2A5B25EE00B1F60E /* RemoteFeedLoader.swift in Sources */,
				F4BD36F22A77532F00AF925C /* LocalFeedImage.swift in Sources */,
				F4BD36EE2A75036600AF925C /* FeedStore.swift in Sources */,
				F4BD36EC2A7501FC00AF925C /* LocalFeedLoader.swift in Sources */,
				F401CAE92A83881400F57F1D /* CodableFeedStore.swift in Sources */,
				F4B68B7C2A5E40750069C8BE /* HTTPClient.swift in Sources */,
				F47C3BA22A5A9DD100B1F60E /* FeedImage.swift in Sources */,
				F4B4C75E2A66C7D0001F8206 /* URLSessionHTTPClient.swift in Sources */,
			);
			runOnlyForDeploymentPostprocessing = 0;
		};
		F47C3B5D2A5A9BD200B1F60E /* Sources */ = {
			isa = PBXSourcesBuildPhase;
			buildActionMask = 2147483647;
			files = (
				F4A390732A80E54600812A71 /* CodableFeedStoreTests.swift in Sources */,
				F48786472A7E399B00563AFC /* FeedCacheTestHelpers.swift in Sources */,
				F437D0392A7E0AF0006356A2 /* ValidateFeedCacheUseCaseTests.swift in Sources */,
				F47C3BA72A5AB5FF00B1F60E /* LoadFeedFromRemoteUseCaseTests.swift in Sources */,
				F43424272A85DA7600CE0ED1 /* XCTestCase+FailableInsertFeedStoreSpecs.swift in Sources */,
				F4FD17A72A646E6100E0B37E /* XCTestCase+MemoryTracking.swift in Sources */,
				F4BD36F72A777C6200AF925C /* FeedStoreSpy.swift in Sources */,
				F48786492A7E3B3000563AFC /* SharedTestHelpers.swift in Sources */,
				F498498F2A6EF26300C47CC2 /* CacheFeedUseCaseTests.swift in Sources */,
				F43424292A85DB8900CE0ED1 /* XCTestCase+FailableDeleteFeedStoreSpecs.swift in Sources */,
				F43424252A85D70C00CE0ED1 /* XCTestCase+FailableRetrieveFeedStoreSpecs.swift in Sources */,
				F4BD36F42A776A9400AF925C /* LoadFeedFromCacheUseCaseTests.swift in Sources */,
				F43424212A85656800CE0ED1 /* FeedStoreSpecs.swift in Sources */,
				F4FC62A32A6269F600853612 /* URLSessionHTTPClientTests.swift in Sources */,
				F43424232A8567AB00CE0ED1 /* XCTestCase+FeedStoreSpecs.swift in Sources */,
			);
			runOnlyForDeploymentPostprocessing = 0;
		};
		F4D1F05B2A66D228002859B6 /* Sources */ = {
			isa = PBXSourcesBuildPhase;
			buildActionMask = 2147483647;
			files = (
				F4D1F0692A681696002859B6 /* XCTestCase+MemoryTracking.swift in Sources */,
				F4D1F0622A66D228002859B6 /* EssentialFeedStudyAPIEndToEndTests.swift in Sources */,
				F487864A2A7E3B6200563AFC /* SharedTestHelpers.swift in Sources */,
			);
			runOnlyForDeploymentPostprocessing = 0;
		};
/* End PBXSourcesBuildPhase section */

/* Begin PBXTargetDependency section */
		F47C3B642A5A9BD200B1F60E /* PBXTargetDependency */ = {
			isa = PBXTargetDependency;
			target = F47C3B582A5A9BD200B1F60E /* EssentialFeedStudy */;
			targetProxy = F47C3B632A5A9BD200B1F60E /* PBXContainerItemProxy */;
		};
		F4D1F0652A66D228002859B6 /* PBXTargetDependency */ = {
			isa = PBXTargetDependency;
			target = F47C3B582A5A9BD200B1F60E /* EssentialFeedStudy */;
			targetProxy = F4D1F0642A66D228002859B6 /* PBXContainerItemProxy */;
		};
/* End PBXTargetDependency section */

/* Begin XCBuildConfiguration section */
		F47C3B692A5A9BD200B1F60E /* Debug */ = {
			isa = XCBuildConfiguration;
			buildSettings = {
				ALWAYS_SEARCH_USER_PATHS = NO;
				CLANG_ANALYZER_NONNULL = YES;
				CLANG_ANALYZER_NUMBER_OBJECT_CONVERSION = YES_AGGRESSIVE;
				CLANG_CXX_LANGUAGE_STANDARD = "gnu++20";
				CLANG_ENABLE_MODULES = YES;
				CLANG_ENABLE_OBJC_ARC = YES;
				CLANG_ENABLE_OBJC_WEAK = YES;
				CLANG_WARN_BLOCK_CAPTURE_AUTORELEASING = YES;
				CLANG_WARN_BOOL_CONVERSION = YES;
				CLANG_WARN_COMMA = YES;
				CLANG_WARN_CONSTANT_CONVERSION = YES;
				CLANG_WARN_DEPRECATED_OBJC_IMPLEMENTATIONS = YES;
				CLANG_WARN_DIRECT_OBJC_ISA_USAGE = YES_ERROR;
				CLANG_WARN_DOCUMENTATION_COMMENTS = YES;
				CLANG_WARN_EMPTY_BODY = YES;
				CLANG_WARN_ENUM_CONVERSION = YES;
				CLANG_WARN_INFINITE_RECURSION = YES;
				CLANG_WARN_INT_CONVERSION = YES;
				CLANG_WARN_NON_LITERAL_NULL_CONVERSION = YES;
				CLANG_WARN_OBJC_IMPLICIT_RETAIN_SELF = YES;
				CLANG_WARN_OBJC_LITERAL_CONVERSION = YES;
				CLANG_WARN_OBJC_ROOT_CLASS = YES_ERROR;
				CLANG_WARN_QUOTED_INCLUDE_IN_FRAMEWORK_HEADER = YES;
				CLANG_WARN_RANGE_LOOP_ANALYSIS = YES;
				CLANG_WARN_STRICT_PROTOTYPES = YES;
				CLANG_WARN_SUSPICIOUS_MOVE = YES;
				CLANG_WARN_UNGUARDED_AVAILABILITY = YES_AGGRESSIVE;
				CLANG_WARN_UNREACHABLE_CODE = YES;
				CLANG_WARN__DUPLICATE_METHOD_MATCH = YES;
				COPY_PHASE_STRIP = NO;
				CURRENT_PROJECT_VERSION = 1;
				DEBUG_INFORMATION_FORMAT = dwarf;
				ENABLE_STRICT_OBJC_MSGSEND = YES;
				ENABLE_TESTABILITY = YES;
				GCC_C_LANGUAGE_STANDARD = gnu11;
				GCC_DYNAMIC_NO_PIC = NO;
				GCC_NO_COMMON_BLOCKS = YES;
				GCC_OPTIMIZATION_LEVEL = 0;
				GCC_PREPROCESSOR_DEFINITIONS = (
					"DEBUG=1",
					"$(inherited)",
				);
				GCC_WARN_64_TO_32_BIT_CONVERSION = YES;
				GCC_WARN_ABOUT_RETURN_TYPE = YES_ERROR;
				GCC_WARN_UNDECLARED_SELECTOR = YES;
				GCC_WARN_UNINITIALIZED_AUTOS = YES_AGGRESSIVE;
				GCC_WARN_UNUSED_FUNCTION = YES;
				GCC_WARN_UNUSED_VARIABLE = YES;
				MACOSX_DEPLOYMENT_TARGET = 12.4;
				MTL_ENABLE_DEBUG_INFO = INCLUDE_SOURCE;
				MTL_FAST_MATH = YES;
				ONLY_ACTIVE_ARCH = YES;
				SDKROOT = macosx;
				SWIFT_ACTIVE_COMPILATION_CONDITIONS = DEBUG;
				SWIFT_OPTIMIZATION_LEVEL = "-Onone";
				VERSIONING_SYSTEM = "apple-generic";
				VERSION_INFO_PREFIX = "";
			};
			name = Debug;
		};
		F47C3B6A2A5A9BD200B1F60E /* Release */ = {
			isa = XCBuildConfiguration;
			buildSettings = {
				ALWAYS_SEARCH_USER_PATHS = NO;
				CLANG_ANALYZER_NONNULL = YES;
				CLANG_ANALYZER_NUMBER_OBJECT_CONVERSION = YES_AGGRESSIVE;
				CLANG_CXX_LANGUAGE_STANDARD = "gnu++20";
				CLANG_ENABLE_MODULES = YES;
				CLANG_ENABLE_OBJC_ARC = YES;
				CLANG_ENABLE_OBJC_WEAK = YES;
				CLANG_WARN_BLOCK_CAPTURE_AUTORELEASING = YES;
				CLANG_WARN_BOOL_CONVERSION = YES;
				CLANG_WARN_COMMA = YES;
				CLANG_WARN_CONSTANT_CONVERSION = YES;
				CLANG_WARN_DEPRECATED_OBJC_IMPLEMENTATIONS = YES;
				CLANG_WARN_DIRECT_OBJC_ISA_USAGE = YES_ERROR;
				CLANG_WARN_DOCUMENTATION_COMMENTS = YES;
				CLANG_WARN_EMPTY_BODY = YES;
				CLANG_WARN_ENUM_CONVERSION = YES;
				CLANG_WARN_INFINITE_RECURSION = YES;
				CLANG_WARN_INT_CONVERSION = YES;
				CLANG_WARN_NON_LITERAL_NULL_CONVERSION = YES;
				CLANG_WARN_OBJC_IMPLICIT_RETAIN_SELF = YES;
				CLANG_WARN_OBJC_LITERAL_CONVERSION = YES;
				CLANG_WARN_OBJC_ROOT_CLASS = YES_ERROR;
				CLANG_WARN_QUOTED_INCLUDE_IN_FRAMEWORK_HEADER = YES;
				CLANG_WARN_RANGE_LOOP_ANALYSIS = YES;
				CLANG_WARN_STRICT_PROTOTYPES = YES;
				CLANG_WARN_SUSPICIOUS_MOVE = YES;
				CLANG_WARN_UNGUARDED_AVAILABILITY = YES_AGGRESSIVE;
				CLANG_WARN_UNREACHABLE_CODE = YES;
				CLANG_WARN__DUPLICATE_METHOD_MATCH = YES;
				COPY_PHASE_STRIP = NO;
				CURRENT_PROJECT_VERSION = 1;
				DEBUG_INFORMATION_FORMAT = "dwarf-with-dsym";
				ENABLE_NS_ASSERTIONS = NO;
				ENABLE_STRICT_OBJC_MSGSEND = YES;
				GCC_C_LANGUAGE_STANDARD = gnu11;
				GCC_NO_COMMON_BLOCKS = YES;
				GCC_WARN_64_TO_32_BIT_CONVERSION = YES;
				GCC_WARN_ABOUT_RETURN_TYPE = YES_ERROR;
				GCC_WARN_UNDECLARED_SELECTOR = YES;
				GCC_WARN_UNINITIALIZED_AUTOS = YES_AGGRESSIVE;
				GCC_WARN_UNUSED_FUNCTION = YES;
				GCC_WARN_UNUSED_VARIABLE = YES;
				MACOSX_DEPLOYMENT_TARGET = 12.4;
				MTL_ENABLE_DEBUG_INFO = NO;
				MTL_FAST_MATH = YES;
				SDKROOT = macosx;
				SWIFT_COMPILATION_MODE = wholemodule;
				SWIFT_OPTIMIZATION_LEVEL = "-O";
				VERSIONING_SYSTEM = "apple-generic";
				VERSION_INFO_PREFIX = "";
			};
			name = Release;
		};
		F47C3B6C2A5A9BD200B1F60E /* Debug */ = {
			isa = XCBuildConfiguration;
			buildSettings = {
				CLANG_ENABLE_MODULES = YES;
				CODE_SIGN_STYLE = Automatic;
				COMBINE_HIDPI_IMAGES = YES;
				CURRENT_PROJECT_VERSION = 1;
				DEFINES_MODULE = YES;
				DEVELOPMENT_TEAM = HA9F856YHB;
				DYLIB_COMPATIBILITY_VERSION = 1;
				DYLIB_CURRENT_VERSION = 1;
				DYLIB_INSTALL_NAME_BASE = "@rpath";
				ENABLE_MODULE_VERIFIER = YES;
				GENERATE_INFOPLIST_FILE = YES;
				INFOPLIST_KEY_NSHumanReadableCopyright = "";
				INSTALL_PATH = "$(LOCAL_LIBRARY_DIR)/Frameworks";
				LD_RUNPATH_SEARCH_PATHS = (
					"$(inherited)",
					"@executable_path/../Frameworks",
					"@loader_path/Frameworks",
				);
				MACOSX_DEPLOYMENT_TARGET = 12.6;
				MARKETING_VERSION = 1.0;
				MODULE_VERIFIER_SUPPORTED_LANGUAGES = "objective-c objective-c++";
				MODULE_VERIFIER_SUPPORTED_LANGUAGE_STANDARDS = "gnu11 gnu++20";
				PRODUCT_BUNDLE_IDENTIFIER = "com.wei-tusng.EssentialFeedStudy";
				PRODUCT_NAME = "$(TARGET_NAME:c99extidentifier)";
				SKIP_INSTALL = YES;
				SWIFT_EMIT_LOC_STRINGS = YES;
				SWIFT_OPTIMIZATION_LEVEL = "-Onone";
				SWIFT_VERSION = 5.0;
			};
			name = Debug;
		};
		F47C3B6D2A5A9BD200B1F60E /* Release */ = {
			isa = XCBuildConfiguration;
			buildSettings = {
				CLANG_ENABLE_MODULES = YES;
				CODE_SIGN_STYLE = Automatic;
				COMBINE_HIDPI_IMAGES = YES;
				CURRENT_PROJECT_VERSION = 1;
				DEFINES_MODULE = YES;
				DEVELOPMENT_TEAM = HA9F856YHB;
				DYLIB_COMPATIBILITY_VERSION = 1;
				DYLIB_CURRENT_VERSION = 1;
				DYLIB_INSTALL_NAME_BASE = "@rpath";
				ENABLE_MODULE_VERIFIER = YES;
				GENERATE_INFOPLIST_FILE = YES;
				INFOPLIST_KEY_NSHumanReadableCopyright = "";
				INSTALL_PATH = "$(LOCAL_LIBRARY_DIR)/Frameworks";
				LD_RUNPATH_SEARCH_PATHS = (
					"$(inherited)",
					"@executable_path/../Frameworks",
					"@loader_path/Frameworks",
				);
				MACOSX_DEPLOYMENT_TARGET = 12.6;
				MARKETING_VERSION = 1.0;
				MODULE_VERIFIER_SUPPORTED_LANGUAGES = "objective-c objective-c++";
				MODULE_VERIFIER_SUPPORTED_LANGUAGE_STANDARDS = "gnu11 gnu++20";
				PRODUCT_BUNDLE_IDENTIFIER = "com.wei-tusng.EssentialFeedStudy";
				PRODUCT_NAME = "$(TARGET_NAME:c99extidentifier)";
				SKIP_INSTALL = YES;
				SWIFT_EMIT_LOC_STRINGS = YES;
				SWIFT_VERSION = 5.0;
			};
			name = Release;
		};
		F47C3B6F2A5A9BD200B1F60E /* Debug */ = {
			isa = XCBuildConfiguration;
			buildSettings = {
				ALWAYS_EMBED_SWIFT_STANDARD_LIBRARIES = YES;
				CODE_SIGN_STYLE = Automatic;
				CURRENT_PROJECT_VERSION = 1;
				DEVELOPMENT_TEAM = HA9F856YHB;
				GENERATE_INFOPLIST_FILE = YES;
				MACOSX_DEPLOYMENT_TARGET = 12.6;
				MARKETING_VERSION = 1.0;
				PRODUCT_BUNDLE_IDENTIFIER = "com.wei-tusng.EssentialFeedStudyTests";
				PRODUCT_NAME = "$(TARGET_NAME)";
				SWIFT_EMIT_LOC_STRINGS = NO;
				SWIFT_VERSION = 5.0;
			};
			name = Debug;
		};
		F47C3B702A5A9BD200B1F60E /* Release */ = {
			isa = XCBuildConfiguration;
			buildSettings = {
				ALWAYS_EMBED_SWIFT_STANDARD_LIBRARIES = YES;
				CODE_SIGN_STYLE = Automatic;
				CURRENT_PROJECT_VERSION = 1;
				DEVELOPMENT_TEAM = HA9F856YHB;
				GENERATE_INFOPLIST_FILE = YES;
				MACOSX_DEPLOYMENT_TARGET = 12.6;
				MARKETING_VERSION = 1.0;
				PRODUCT_BUNDLE_IDENTIFIER = "com.wei-tusng.EssentialFeedStudyTests";
				PRODUCT_NAME = "$(TARGET_NAME)";
				SWIFT_EMIT_LOC_STRINGS = NO;
				SWIFT_VERSION = 5.0;
			};
			name = Release;
		};
		F4D1F0672A66D228002859B6 /* Debug */ = {
			isa = XCBuildConfiguration;
			buildSettings = {
				CODE_SIGN_STYLE = Automatic;
				CURRENT_PROJECT_VERSION = 1;
				DEVELOPMENT_TEAM = HA9F856YHB;
				GENERATE_INFOPLIST_FILE = YES;
				MACOSX_DEPLOYMENT_TARGET = 12.6;
				MARKETING_VERSION = 1.0;
				PRODUCT_BUNDLE_IDENTIFIER = "com.wei-tusng.EssentialFeedStudyAPIEndToEndTests";
				PRODUCT_NAME = "$(TARGET_NAME)";
				SWIFT_EMIT_LOC_STRINGS = NO;
				SWIFT_VERSION = 5.0;
			};
			name = Debug;
		};
		F4D1F0682A66D228002859B6 /* Release */ = {
			isa = XCBuildConfiguration;
			buildSettings = {
				CODE_SIGN_STYLE = Automatic;
				CURRENT_PROJECT_VERSION = 1;
				DEVELOPMENT_TEAM = HA9F856YHB;
				GENERATE_INFOPLIST_FILE = YES;
				MACOSX_DEPLOYMENT_TARGET = 12.6;
				MARKETING_VERSION = 1.0;
				PRODUCT_BUNDLE_IDENTIFIER = "com.wei-tusng.EssentialFeedStudyAPIEndToEndTests";
				PRODUCT_NAME = "$(TARGET_NAME)";
				SWIFT_EMIT_LOC_STRINGS = NO;
				SWIFT_VERSION = 5.0;
			};
			name = Release;
		};
/* End XCBuildConfiguration section */

/* Begin XCConfigurationList section */
		F47C3B532A5A9BD200B1F60E /* Build configuration list for PBXProject "EssentialFeedStudy" */ = {
			isa = XCConfigurationList;
			buildConfigurations = (
				F47C3B692A5A9BD200B1F60E /* Debug */,
				F47C3B6A2A5A9BD200B1F60E /* Release */,
			);
			defaultConfigurationIsVisible = 0;
			defaultConfigurationName = Release;
		};
		F47C3B6B2A5A9BD200B1F60E /* Build configuration list for PBXNativeTarget "EssentialFeedStudy" */ = {
			isa = XCConfigurationList;
			buildConfigurations = (
				F47C3B6C2A5A9BD200B1F60E /* Debug */,
				F47C3B6D2A5A9BD200B1F60E /* Release */,
			);
			defaultConfigurationIsVisible = 0;
			defaultConfigurationName = Release;
		};
		F47C3B6E2A5A9BD200B1F60E /* Build configuration list for PBXNativeTarget "EssentialFeedStudyTests" */ = {
			isa = XCConfigurationList;
			buildConfigurations = (
				F47C3B6F2A5A9BD200B1F60E /* Debug */,
				F47C3B702A5A9BD200B1F60E /* Release */,
			);
			defaultConfigurationIsVisible = 0;
			defaultConfigurationName = Release;
		};
		F4D1F0662A66D228002859B6 /* Build configuration list for PBXNativeTarget "EssentialFeedStudyAPIEndToEndTests" */ = {
			isa = XCConfigurationList;
			buildConfigurations = (
				F4D1F0672A66D228002859B6 /* Debug */,
				F4D1F0682A66D228002859B6 /* Release */,
			);
			defaultConfigurationIsVisible = 0;
			defaultConfigurationName = Release;
		};
/* End XCConfigurationList section */
	};
	rootObject = F47C3B502A5A9BD200B1F60E /* Project object */;
}
