// !$*UTF8*$!
{
	archiveVersion = 1;
	classes = {
	};
	objectVersion = 56;
	objects = {

/* Begin PBXBuildFile section */
		F403C7722AAD85F700D85F18 /* AppDelegate.swift in Sources */ = {isa = PBXBuildFile; fileRef = F403C7712AAD85F700D85F18 /* AppDelegate.swift */; };
		F403C7742AAD85F700D85F18 /* SceneDelegate.swift in Sources */ = {isa = PBXBuildFile; fileRef = F403C7732AAD85F700D85F18 /* SceneDelegate.swift */; };
		F403C77B2AAD85F800D85F18 /* Assets.xcassets in Resources */ = {isa = PBXBuildFile; fileRef = F403C77A2AAD85F800D85F18 /* Assets.xcassets */; };
		F403C77E2AAD85F800D85F18 /* LaunchScreen.storyboard in Resources */ = {isa = PBXBuildFile; fileRef = F403C77C2AAD85F800D85F18 /* LaunchScreen.storyboard */; };
		F403C7A72AAD877D00D85F18 /* EssentialFeedStudy.framework in Frameworks */ = {isa = PBXBuildFile; fileRef = F403C7A62AAD877D00D85F18 /* EssentialFeedStudy.framework */; };
		F403C7A82AAD877D00D85F18 /* EssentialFeedStudy.framework in Embed Frameworks */ = {isa = PBXBuildFile; fileRef = F403C7A62AAD877D00D85F18 /* EssentialFeedStudy.framework */; settings = {ATTRIBUTES = (CodeSignOnCopy, RemoveHeadersOnCopy, ); }; };
		F403C7AA2AAD878800D85F18 /* EssentailFeediOS.framework in Frameworks */ = {isa = PBXBuildFile; fileRef = F403C7A92AAD878800D85F18 /* EssentailFeediOS.framework */; };
		F403C7AB2AAD878800D85F18 /* EssentailFeediOS.framework in Embed Frameworks */ = {isa = PBXBuildFile; fileRef = F403C7A92AAD878800D85F18 /* EssentailFeediOS.framework */; settings = {ATTRIBUTES = (CodeSignOnCopy, RemoveHeadersOnCopy, ); }; };
		F420D45B2AD1C59700919C8F /* FeedLoaderCacheDecoratorTests.swift in Sources */ = {isa = PBXBuildFile; fileRef = F420D45A2AD1C59700919C8F /* FeedLoaderCacheDecoratorTests.swift */; };
		F420D45D2AD1DC3300919C8F /* FeedLoaderStub.swift in Sources */ = {isa = PBXBuildFile; fileRef = F420D45C2AD1DC3300919C8F /* FeedLoaderStub.swift */; };
		F420D45F2AD1DF8D00919C8F /* XCTestCase+FeedLoader.swift in Sources */ = {isa = PBXBuildFile; fileRef = F420D45E2AD1DF8D00919C8F /* XCTestCase+FeedLoader.swift */; };
		F420D4632AD2A6FB00919C8F /* FeedLoaderCacheDecorator.swift in Sources */ = {isa = PBXBuildFile; fileRef = F420D4622AD2A6FB00919C8F /* FeedLoaderCacheDecorator.swift */; };
		F420D4652AD2A9C000919C8F /* FeedImageDataLoaderCacheDecoratorTests.swift in Sources */ = {isa = PBXBuildFile; fileRef = F420D4642AD2A9C000919C8F /* FeedImageDataLoaderCacheDecoratorTests.swift */; };
		F420D4682AD4838F00919C8F /* FeedImageDataLoaderSpy.swift in Sources */ = {isa = PBXBuildFile; fileRef = F420D4662AD4837600919C8F /* FeedImageDataLoaderSpy.swift */; };
		F420D46A2AD4856F00919C8F /* XCTestCase+FeedImageDataLoader.swift in Sources */ = {isa = PBXBuildFile; fileRef = F420D4692AD4856F00919C8F /* XCTestCase+FeedImageDataLoader.swift */; };
		F420D4CE2AD69F7400919C8F /* FeedImageDataLoaderCacheDecorator.swift in Sources */ = {isa = PBXBuildFile; fileRef = F420D4CD2AD69F7400919C8F /* FeedImageDataLoaderCacheDecorator.swift */; };
		F44DAECB2AAEC1BA008280E6 /* FeedLoaderWithFallbackCompositeTests.swift in Sources */ = {isa = PBXBuildFile; fileRef = F44DAECA2AAEC1BA008280E6 /* FeedLoaderWithFallbackCompositeTests.swift */; };
		F44DAECD2AAFF744008280E6 /* FeedLoaderWithFallbackComposite.swift in Sources */ = {isa = PBXBuildFile; fileRef = F44DAECC2AAFF744008280E6 /* FeedLoaderWithFallbackComposite.swift */; };
		F44DAED02AAFF9BE008280E6 /* FeedImageDataLoaderWithFallbackCompositeTest.swift in Sources */ = {isa = PBXBuildFile; fileRef = F44DAECE2AAFF9A4008280E6 /* FeedImageDataLoaderWithFallbackCompositeTest.swift */; };
		F4A92EE32AB2F22D0000D65E /* FeedImageDataLoaderWithFallbackComposite.swift in Sources */ = {isa = PBXBuildFile; fileRef = F4A92EE22AB2F22D0000D65E /* FeedImageDataLoaderWithFallbackComposite.swift */; };
		F4B521812AB328D300958463 /* XCTestCase+MemoryLeakTracking.swift in Sources */ = {isa = PBXBuildFile; fileRef = F4B521802AB328D300958463 /* XCTestCase+MemoryLeakTracking.swift */; };
		F4B521832AB32AD900958463 /* SharedTestHelpers.swift in Sources */ = {isa = PBXBuildFile; fileRef = F4B521822AB32AD900958463 /* SharedTestHelpers.swift */; };
		F4C679CE2ADB928300D33F7C /* HTTPClientStub.swift in Sources */ = {isa = PBXBuildFile; fileRef = F4C679CD2ADB928300D33F7C /* HTTPClientStub.swift */; };
		F4C679D02ADB936300D33F7C /* InMemoryFeedStore.swift in Sources */ = {isa = PBXBuildFile; fileRef = F4C679CF2ADB936300D33F7C /* InMemoryFeedStore.swift */; };
		F4C679EB2ADFB5D800D33F7C /* UIView+TestHelpers.swift in Sources */ = {isa = PBXBuildFile; fileRef = F4C679EA2ADFB5D800D33F7C /* UIView+TestHelpers.swift */; };
		F4E008242ADA7783001E58D8 /* SceneDelegateTests.swift in Sources */ = {isa = PBXBuildFile; fileRef = F4E008232ADA7783001E58D8 /* SceneDelegateTests.swift */; };
		F4E008442ADA94E2001E58D8 /* FeedImageDataLoaderPresentationAdapter.swift in Sources */ = {isa = PBXBuildFile; fileRef = F4E008402ADA94CD001E58D8 /* FeedImageDataLoaderPresentationAdapter.swift */; };
		F4E008452ADA94E2001E58D8 /* FeedLoaderPresentationAdapter.swift in Sources */ = {isa = PBXBuildFile; fileRef = F4E008412ADA94CD001E58D8 /* FeedLoaderPresentationAdapter.swift */; };
		F4E008462ADA94E2001E58D8 /* FeedViewAdapter.swift in Sources */ = {isa = PBXBuildFile; fileRef = F4E008422ADA94CD001E58D8 /* FeedViewAdapter.swift */; };
		F4E008472ADA94E2001E58D8 /* FeedUIComposer.swift in Sources */ = {isa = PBXBuildFile; fileRef = F4E0083D2ADA94CD001E58D8 /* FeedUIComposer.swift */; };
		F4E008482ADA94E2001E58D8 /* MainQueueDispatchDecorator.swift in Sources */ = {isa = PBXBuildFile; fileRef = F4E0083E2ADA94CD001E58D8 /* MainQueueDispatchDecorator.swift */; };
		F4E008492ADA94E2001E58D8 /* WeakRefVirtualProxy.swift in Sources */ = {isa = PBXBuildFile; fileRef = F4E0083F2ADA94CD001E58D8 /* WeakRefVirtualProxy.swift */; };
		F4E008532ADA9591001E58D8 /* FeedViewControllerTests+Assertions.swift in Sources */ = {isa = PBXBuildFile; fileRef = F4E008512ADA9591001E58D8 /* FeedViewControllerTests+Assertions.swift */; };
		F4E008542ADA9591001E58D8 /* FeedViewControllerTests+Localization.swift in Sources */ = {isa = PBXBuildFile; fileRef = F4E008522ADA9591001E58D8 /* FeedViewControllerTests+Localization.swift */; };
		F4E008552ADA9591001E58D8 /* UIControl+TestHelpers.swift in Sources */ = {isa = PBXBuildFile; fileRef = F4E0084D2ADA9591001E58D8 /* UIControl+TestHelpers.swift */; };
		F4E008562ADA9591001E58D8 /* FeedImageCell+TestHelpers.swift in Sources */ = {isa = PBXBuildFile; fileRef = F4E0084E2ADA9591001E58D8 /* FeedImageCell+TestHelpers.swift */; };
		F4E008572ADA9591001E58D8 /* UIImage+TestHelpers.swift in Sources */ = {isa = PBXBuildFile; fileRef = F4E0084F2ADA9591001E58D8 /* UIImage+TestHelpers.swift */; };
		F4E008582ADA9591001E58D8 /* FeedViewControllerTests+LoaderSpy.swift in Sources */ = {isa = PBXBuildFile; fileRef = F4E008502ADA9591001E58D8 /* FeedViewControllerTests+LoaderSpy.swift */; };
		F4E008592ADA9591001E58D8 /* UIRefreshControl+TestHelpers.swift in Sources */ = {isa = PBXBuildFile; fileRef = F4E0084C2ADA9591001E58D8 /* UIRefreshControl+TestHelpers.swift */; };
		F4E0085A2ADA9591001E58D8 /* FeedViewController+TestHelpers.swift in Sources */ = {isa = PBXBuildFile; fileRef = F4E0084A2ADA9590001E58D8 /* FeedViewController+TestHelpers.swift */; };
		F4E0085B2ADA9591001E58D8 /* UIButton+TestHelpers.swift in Sources */ = {isa = PBXBuildFile; fileRef = F4E0084B2ADA9591001E58D8 /* UIButton+TestHelpers.swift */; };
		F4E0085D2ADA95E4001E58D8 /* FeedUIIntagrationTests.swift in Sources */ = {isa = PBXBuildFile; fileRef = F4E0085C2ADA95E4001E58D8 /* FeedUIIntagrationTests.swift */; };
		F4E0085F2ADAC5EF001E58D8 /* FeedAcceptanceTests.swift in Sources */ = {isa = PBXBuildFile; fileRef = F4E0085E2ADAC5EF001E58D8 /* FeedAcceptanceTests.swift */; };
/* End PBXBuildFile section */

/* Begin PBXContainerItemProxy section */
		F403C7852AAD85F800D85F18 /* PBXContainerItemProxy */ = {
			isa = PBXContainerItemProxy;
			containerPortal = F403C7662AAD85F700D85F18 /* Project object */;
			proxyType = 1;
			remoteGlobalIDString = F403C76D2AAD85F700D85F18;
			remoteInfo = EssentialApp;
		};
/* End PBXContainerItemProxy section */

/* Begin PBXCopyFilesBuildPhase section */
		F403C7A52AAD877800D85F18 /* Embed Frameworks */ = {
			isa = PBXCopyFilesBuildPhase;
			buildActionMask = 2147483647;
			dstPath = "";
			dstSubfolderSpec = 10;
			files = (
				F403C7A82AAD877D00D85F18 /* EssentialFeedStudy.framework in Embed Frameworks */,
				F403C7AB2AAD878800D85F18 /* EssentailFeediOS.framework in Embed Frameworks */,
			);
			name = "Embed Frameworks";
			runOnlyForDeploymentPostprocessing = 0;
		};
/* End PBXCopyFilesBuildPhase section */

/* Begin PBXFileReference section */
		F403C76E2AAD85F700D85F18 /* EssentialApp.app */ = {isa = PBXFileReference; explicitFileType = wrapper.application; includeInIndex = 0; path = EssentialApp.app; sourceTree = BUILT_PRODUCTS_DIR; };
		F403C7712AAD85F700D85F18 /* AppDelegate.swift */ = {isa = PBXFileReference; lastKnownFileType = sourcecode.swift; path = AppDelegate.swift; sourceTree = "<group>"; };
		F403C7732AAD85F700D85F18 /* SceneDelegate.swift */ = {isa = PBXFileReference; lastKnownFileType = sourcecode.swift; path = SceneDelegate.swift; sourceTree = "<group>"; };
		F403C77A2AAD85F800D85F18 /* Assets.xcassets */ = {isa = PBXFileReference; lastKnownFileType = folder.assetcatalog; path = Assets.xcassets; sourceTree = "<group>"; };
		F403C77D2AAD85F800D85F18 /* Base */ = {isa = PBXFileReference; lastKnownFileType = file.storyboard; name = Base; path = Base.lproj/LaunchScreen.storyboard; sourceTree = "<group>"; };
		F403C77F2AAD85F800D85F18 /* Info.plist */ = {isa = PBXFileReference; lastKnownFileType = text.plist.xml; path = Info.plist; sourceTree = "<group>"; };
		F403C7842AAD85F800D85F18 /* EssentialAppTests.xctest */ = {isa = PBXFileReference; explicitFileType = wrapper.cfbundle; includeInIndex = 0; path = EssentialAppTests.xctest; sourceTree = BUILT_PRODUCTS_DIR; };
		F403C7A22AAD877800D85F18 /* EssentailFeediOS.framework */ = {isa = PBXFileReference; explicitFileType = wrapper.framework; path = EssentailFeediOS.framework; sourceTree = BUILT_PRODUCTS_DIR; };
		F403C7A62AAD877D00D85F18 /* EssentialFeedStudy.framework */ = {isa = PBXFileReference; explicitFileType = wrapper.framework; path = EssentialFeedStudy.framework; sourceTree = BUILT_PRODUCTS_DIR; };
		F403C7A92AAD878800D85F18 /* EssentailFeediOS.framework */ = {isa = PBXFileReference; explicitFileType = wrapper.framework; path = EssentailFeediOS.framework; sourceTree = BUILT_PRODUCTS_DIR; };
		F420D45A2AD1C59700919C8F /* FeedLoaderCacheDecoratorTests.swift */ = {isa = PBXFileReference; lastKnownFileType = sourcecode.swift; path = FeedLoaderCacheDecoratorTests.swift; sourceTree = "<group>"; };
		F420D45C2AD1DC3300919C8F /* FeedLoaderStub.swift */ = {isa = PBXFileReference; lastKnownFileType = sourcecode.swift; path = FeedLoaderStub.swift; sourceTree = "<group>"; };
		F420D45E2AD1DF8D00919C8F /* XCTestCase+FeedLoader.swift */ = {isa = PBXFileReference; lastKnownFileType = sourcecode.swift; path = "XCTestCase+FeedLoader.swift"; sourceTree = "<group>"; };
		F420D4622AD2A6FB00919C8F /* FeedLoaderCacheDecorator.swift */ = {isa = PBXFileReference; lastKnownFileType = sourcecode.swift; path = FeedLoaderCacheDecorator.swift; sourceTree = "<group>"; };
		F420D4642AD2A9C000919C8F /* FeedImageDataLoaderCacheDecoratorTests.swift */ = {isa = PBXFileReference; lastKnownFileType = sourcecode.swift; path = FeedImageDataLoaderCacheDecoratorTests.swift; sourceTree = "<group>"; };
		F420D4662AD4837600919C8F /* FeedImageDataLoaderSpy.swift */ = {isa = PBXFileReference; lastKnownFileType = sourcecode.swift; path = FeedImageDataLoaderSpy.swift; sourceTree = "<group>"; };
		F420D4692AD4856F00919C8F /* XCTestCase+FeedImageDataLoader.swift */ = {isa = PBXFileReference; lastKnownFileType = sourcecode.swift; path = "XCTestCase+FeedImageDataLoader.swift"; sourceTree = "<group>"; };
		F420D4CD2AD69F7400919C8F /* FeedImageDataLoaderCacheDecorator.swift */ = {isa = PBXFileReference; lastKnownFileType = sourcecode.swift; path = FeedImageDataLoaderCacheDecorator.swift; sourceTree = "<group>"; };
		F44DAECA2AAEC1BA008280E6 /* FeedLoaderWithFallbackCompositeTests.swift */ = {isa = PBXFileReference; lastKnownFileType = sourcecode.swift; path = FeedLoaderWithFallbackCompositeTests.swift; sourceTree = "<group>"; };
		F44DAECC2AAFF744008280E6 /* FeedLoaderWithFallbackComposite.swift */ = {isa = PBXFileReference; lastKnownFileType = sourcecode.swift; path = FeedLoaderWithFallbackComposite.swift; sourceTree = "<group>"; };
		F44DAECE2AAFF9A4008280E6 /* FeedImageDataLoaderWithFallbackCompositeTest.swift */ = {isa = PBXFileReference; lastKnownFileType = sourcecode.swift; path = FeedImageDataLoaderWithFallbackCompositeTest.swift; sourceTree = "<group>"; };
		F4A92EE22AB2F22D0000D65E /* FeedImageDataLoaderWithFallbackComposite.swift */ = {isa = PBXFileReference; lastKnownFileType = sourcecode.swift; path = FeedImageDataLoaderWithFallbackComposite.swift; sourceTree = "<group>"; };
		F4B521802AB328D300958463 /* XCTestCase+MemoryLeakTracking.swift */ = {isa = PBXFileReference; lastKnownFileType = sourcecode.swift; path = "XCTestCase+MemoryLeakTracking.swift"; sourceTree = "<group>"; };
		F4B521822AB32AD900958463 /* SharedTestHelpers.swift */ = {isa = PBXFileReference; lastKnownFileType = sourcecode.swift; path = SharedTestHelpers.swift; sourceTree = "<group>"; };
		F4C679CD2ADB928300D33F7C /* HTTPClientStub.swift */ = {isa = PBXFileReference; lastKnownFileType = sourcecode.swift; path = HTTPClientStub.swift; sourceTree = "<group>"; };
		F4C679CF2ADB936300D33F7C /* InMemoryFeedStore.swift */ = {isa = PBXFileReference; lastKnownFileType = sourcecode.swift; path = InMemoryFeedStore.swift; sourceTree = "<group>"; };
		F4C679EA2ADFB5D800D33F7C /* UIView+TestHelpers.swift */ = {isa = PBXFileReference; lastKnownFileType = sourcecode.swift; path = "UIView+TestHelpers.swift"; sourceTree = "<group>"; };
		F4E008232ADA7783001E58D8 /* SceneDelegateTests.swift */ = {isa = PBXFileReference; lastKnownFileType = sourcecode.swift; path = SceneDelegateTests.swift; sourceTree = "<group>"; };
		F4E0083D2ADA94CD001E58D8 /* FeedUIComposer.swift */ = {isa = PBXFileReference; lastKnownFileType = sourcecode.swift; path = FeedUIComposer.swift; sourceTree = "<group>"; };
		F4E0083E2ADA94CD001E58D8 /* MainQueueDispatchDecorator.swift */ = {isa = PBXFileReference; lastKnownFileType = sourcecode.swift; path = MainQueueDispatchDecorator.swift; sourceTree = "<group>"; };
		F4E0083F2ADA94CD001E58D8 /* WeakRefVirtualProxy.swift */ = {isa = PBXFileReference; lastKnownFileType = sourcecode.swift; path = WeakRefVirtualProxy.swift; sourceTree = "<group>"; };
		F4E008402ADA94CD001E58D8 /* FeedImageDataLoaderPresentationAdapter.swift */ = {isa = PBXFileReference; lastKnownFileType = sourcecode.swift; path = FeedImageDataLoaderPresentationAdapter.swift; sourceTree = "<group>"; };
		F4E008412ADA94CD001E58D8 /* FeedLoaderPresentationAdapter.swift */ = {isa = PBXFileReference; lastKnownFileType = sourcecode.swift; path = FeedLoaderPresentationAdapter.swift; sourceTree = "<group>"; };
		F4E008422ADA94CD001E58D8 /* FeedViewAdapter.swift */ = {isa = PBXFileReference; lastKnownFileType = sourcecode.swift; path = FeedViewAdapter.swift; sourceTree = "<group>"; };
		F4E0084A2ADA9590001E58D8 /* FeedViewController+TestHelpers.swift */ = {isa = PBXFileReference; lastKnownFileType = sourcecode.swift; path = "FeedViewController+TestHelpers.swift"; sourceTree = "<group>"; };
		F4E0084B2ADA9591001E58D8 /* UIButton+TestHelpers.swift */ = {isa = PBXFileReference; lastKnownFileType = sourcecode.swift; path = "UIButton+TestHelpers.swift"; sourceTree = "<group>"; };
		F4E0084C2ADA9591001E58D8 /* UIRefreshControl+TestHelpers.swift */ = {isa = PBXFileReference; lastKnownFileType = sourcecode.swift; path = "UIRefreshControl+TestHelpers.swift"; sourceTree = "<group>"; };
		F4E0084D2ADA9591001E58D8 /* UIControl+TestHelpers.swift */ = {isa = PBXFileReference; lastKnownFileType = sourcecode.swift; path = "UIControl+TestHelpers.swift"; sourceTree = "<group>"; };
		F4E0084E2ADA9591001E58D8 /* FeedImageCell+TestHelpers.swift */ = {isa = PBXFileReference; lastKnownFileType = sourcecode.swift; path = "FeedImageCell+TestHelpers.swift"; sourceTree = "<group>"; };
		F4E0084F2ADA9591001E58D8 /* UIImage+TestHelpers.swift */ = {isa = PBXFileReference; lastKnownFileType = sourcecode.swift; path = "UIImage+TestHelpers.swift"; sourceTree = "<group>"; };
		F4E008502ADA9591001E58D8 /* FeedViewControllerTests+LoaderSpy.swift */ = {isa = PBXFileReference; lastKnownFileType = sourcecode.swift; path = "FeedViewControllerTests+LoaderSpy.swift"; sourceTree = "<group>"; };
		F4E008512ADA9591001E58D8 /* FeedViewControllerTests+Assertions.swift */ = {isa = PBXFileReference; lastKnownFileType = sourcecode.swift; path = "FeedViewControllerTests+Assertions.swift"; sourceTree = "<group>"; };
		F4E008522ADA9591001E58D8 /* FeedViewControllerTests+Localization.swift */ = {isa = PBXFileReference; lastKnownFileType = sourcecode.swift; path = "FeedViewControllerTests+Localization.swift"; sourceTree = "<group>"; };
		F4E0085C2ADA95E4001E58D8 /* FeedUIIntagrationTests.swift */ = {isa = PBXFileReference; lastKnownFileType = sourcecode.swift; path = FeedUIIntagrationTests.swift; sourceTree = "<group>"; };
		F4E0085E2ADAC5EF001E58D8 /* FeedAcceptanceTests.swift */ = {isa = PBXFileReference; lastKnownFileType = sourcecode.swift; path = FeedAcceptanceTests.swift; sourceTree = "<group>"; };
/* End PBXFileReference section */

/* Begin PBXFrameworksBuildPhase section */
		F403C76B2AAD85F700D85F18 /* Frameworks */ = {
			isa = PBXFrameworksBuildPhase;
			buildActionMask = 2147483647;
			files = (
				F403C7A72AAD877D00D85F18 /* EssentialFeedStudy.framework in Frameworks */,
				F403C7AA2AAD878800D85F18 /* EssentailFeediOS.framework in Frameworks */,
			);
			runOnlyForDeploymentPostprocessing = 0;
		};
		F403C7812AAD85F800D85F18 /* Frameworks */ = {
			isa = PBXFrameworksBuildPhase;
			buildActionMask = 2147483647;
			files = (
			);
			runOnlyForDeploymentPostprocessing = 0;
		};
/* End PBXFrameworksBuildPhase section */

/* Begin PBXGroup section */
		F403C7652AAD85F700D85F18 = {
			isa = PBXGroup;
			children = (
				F403C7702AAD85F700D85F18 /* EssentialApp */,
				F403C7872AAD85F800D85F18 /* EssentialAppTests */,
				F403C76F2AAD85F700D85F18 /* Products */,
				F403C7A12AAD877800D85F18 /* Frameworks */,
			);
			sourceTree = "<group>";
		};
		F403C76F2AAD85F700D85F18 /* Products */ = {
			isa = PBXGroup;
			children = (
				F403C76E2AAD85F700D85F18 /* EssentialApp.app */,
				F403C7842AAD85F800D85F18 /* EssentialAppTests.xctest */,
			);
			name = Products;
			sourceTree = "<group>";
		};
		F403C7702AAD85F700D85F18 /* EssentialApp */ = {
			isa = PBXGroup;
			children = (
				F403C7712AAD85F700D85F18 /* AppDelegate.swift */,
				F403C7732AAD85F700D85F18 /* SceneDelegate.swift */,
				F4E0083D2ADA94CD001E58D8 /* FeedUIComposer.swift */,
				F4E0083E2ADA94CD001E58D8 /* MainQueueDispatchDecorator.swift */,
				F4E0083F2ADA94CD001E58D8 /* WeakRefVirtualProxy.swift */,
				F4E008402ADA94CD001E58D8 /* FeedImageDataLoaderPresentationAdapter.swift */,
				F4E008412ADA94CD001E58D8 /* FeedLoaderPresentationAdapter.swift */,
				F4E008422ADA94CD001E58D8 /* FeedViewAdapter.swift */,
				F44DAECC2AAFF744008280E6 /* FeedLoaderWithFallbackComposite.swift */,
				F4A92EE22AB2F22D0000D65E /* FeedImageDataLoaderWithFallbackComposite.swift */,
				F420D4622AD2A6FB00919C8F /* FeedLoaderCacheDecorator.swift */,
				F420D4CD2AD69F7400919C8F /* FeedImageDataLoaderCacheDecorator.swift */,
				F403C77A2AAD85F800D85F18 /* Assets.xcassets */,
				F403C77C2AAD85F800D85F18 /* LaunchScreen.storyboard */,
				F403C77F2AAD85F800D85F18 /* Info.plist */,
			);
			path = EssentialApp;
			sourceTree = "<group>";
		};
		F403C7872AAD85F800D85F18 /* EssentialAppTests */ = {
			isa = PBXGroup;
			children = (
				F4B5217F2AB3288700958463 /* Helpers */,
				F4E008232ADA7783001E58D8 /* SceneDelegateTests.swift */,
				F4E0085C2ADA95E4001E58D8 /* FeedUIIntagrationTests.swift */,
				F44DAECA2AAEC1BA008280E6 /* FeedLoaderWithFallbackCompositeTests.swift */,
				F420D45A2AD1C59700919C8F /* FeedLoaderCacheDecoratorTests.swift */,
				F44DAECE2AAFF9A4008280E6 /* FeedImageDataLoaderWithFallbackCompositeTest.swift */,
				F420D4642AD2A9C000919C8F /* FeedImageDataLoaderCacheDecoratorTests.swift */,
				F4E0085E2ADAC5EF001E58D8 /* FeedAcceptanceTests.swift */,
			);
			path = EssentialAppTests;
			sourceTree = "<group>";
		};
		F403C7A12AAD877800D85F18 /* Frameworks */ = {
			isa = PBXGroup;
			children = (
				F403C7A92AAD878800D85F18 /* EssentailFeediOS.framework */,
				F403C7A62AAD877D00D85F18 /* EssentialFeedStudy.framework */,
				F403C7A22AAD877800D85F18 /* EssentailFeediOS.framework */,
			);
			name = Frameworks;
			sourceTree = "<group>";
		};
		F4B5217F2AB3288700958463 /* Helpers */ = {
			isa = PBXGroup;
			children = (
				F4E0084F2ADA9591001E58D8 /* UIImage+TestHelpers.swift */,
				F4E0084C2ADA9591001E58D8 /* UIRefreshControl+TestHelpers.swift */,
				F4E0084B2ADA9591001E58D8 /* UIButton+TestHelpers.swift */,
				F4E0084D2ADA9591001E58D8 /* UIControl+TestHelpers.swift */,
				F4E0084A2ADA9590001E58D8 /* FeedViewController+TestHelpers.swift */,
				F4E0084E2ADA9591001E58D8 /* FeedImageCell+TestHelpers.swift */,
				F4E008502ADA9591001E58D8 /* FeedViewControllerTests+LoaderSpy.swift */,
				F4E008512ADA9591001E58D8 /* FeedViewControllerTests+Assertions.swift */,
				F4E008522ADA9591001E58D8 /* FeedViewControllerTests+Localization.swift */,
				F4B521802AB328D300958463 /* XCTestCase+MemoryLeakTracking.swift */,
				F4B521822AB32AD900958463 /* SharedTestHelpers.swift */,
				F420D45C2AD1DC3300919C8F /* FeedLoaderStub.swift */,
				F420D4662AD4837600919C8F /* FeedImageDataLoaderSpy.swift */,
				F420D45E2AD1DF8D00919C8F /* XCTestCase+FeedLoader.swift */,
				F420D4692AD4856F00919C8F /* XCTestCase+FeedImageDataLoader.swift */,
				F4C679CD2ADB928300D33F7C /* HTTPClientStub.swift */,
				F4C679CF2ADB936300D33F7C /* InMemoryFeedStore.swift */,
				F4C679EA2ADFB5D800D33F7C /* UIView+TestHelpers.swift */,
			);
			path = Helpers;
			sourceTree = "<group>";
		};
/* End PBXGroup section */

/* Begin PBXNativeTarget section */
		F403C76D2AAD85F700D85F18 /* EssentialApp */ = {
			isa = PBXNativeTarget;
			buildConfigurationList = F403C7982AAD85F800D85F18 /* Build configuration list for PBXNativeTarget "EssentialApp" */;
			buildPhases = (
				F403C76A2AAD85F700D85F18 /* Sources */,
				F403C76B2AAD85F700D85F18 /* Frameworks */,
				F403C76C2AAD85F700D85F18 /* Resources */,
				F403C7A52AAD877800D85F18 /* Embed Frameworks */,
			);
			buildRules = (
			);
			dependencies = (
			);
			name = EssentialApp;
			productName = EssentialApp;
			productReference = F403C76E2AAD85F700D85F18 /* EssentialApp.app */;
			productType = "com.apple.product-type.application";
		};
		F403C7832AAD85F800D85F18 /* EssentialAppTests */ = {
			isa = PBXNativeTarget;
			buildConfigurationList = F403C79B2AAD85F800D85F18 /* Build configuration list for PBXNativeTarget "EssentialAppTests" */;
			buildPhases = (
				F403C7802AAD85F800D85F18 /* Sources */,
				F403C7812AAD85F800D85F18 /* Frameworks */,
				F403C7822AAD85F800D85F18 /* Resources */,
			);
			buildRules = (
			);
			dependencies = (
				F403C7862AAD85F800D85F18 /* PBXTargetDependency */,
			);
			name = EssentialAppTests;
			productName = EssentialAppTests;
			productReference = F403C7842AAD85F800D85F18 /* EssentialAppTests.xctest */;
			productType = "com.apple.product-type.bundle.unit-test";
		};
/* End PBXNativeTarget section */

/* Begin PBXProject section */
		F403C7662AAD85F700D85F18 /* Project object */ = {
			isa = PBXProject;
			attributes = {
				BuildIndependentTargetsInParallel = 1;
				LastSwiftUpdateCheck = 1500;
				LastUpgradeCheck = 1500;
				TargetAttributes = {
					F403C76D2AAD85F700D85F18 = {
						CreatedOnToolsVersion = 14.3.1;
					};
					F403C7832AAD85F800D85F18 = {
						CreatedOnToolsVersion = 14.3.1;
						LastSwiftMigration = 1420;
						TestTargetID = F403C76D2AAD85F700D85F18;
					};
				};
			};
			buildConfigurationList = F403C7692AAD85F700D85F18 /* Build configuration list for PBXProject "EssentialApp" */;
			compatibilityVersion = "Xcode 14.0";
			developmentRegion = en;
			hasScannedForEncodings = 0;
			knownRegions = (
				en,
				Base,
			);
			mainGroup = F403C7652AAD85F700D85F18;
			productRefGroup = F403C76F2AAD85F700D85F18 /* Products */;
			projectDirPath = "";
			projectRoot = "";
			targets = (
				F403C76D2AAD85F700D85F18 /* EssentialApp */,
				F403C7832AAD85F800D85F18 /* EssentialAppTests */,
			);
		};
/* End PBXProject section */

/* Begin PBXResourcesBuildPhase section */
		F403C76C2AAD85F700D85F18 /* Resources */ = {
			isa = PBXResourcesBuildPhase;
			buildActionMask = 2147483647;
			files = (
				F403C77E2AAD85F800D85F18 /* LaunchScreen.storyboard in Resources */,
				F403C77B2AAD85F800D85F18 /* Assets.xcassets in Resources */,
			);
			runOnlyForDeploymentPostprocessing = 0;
		};
		F403C7822AAD85F800D85F18 /* Resources */ = {
			isa = PBXResourcesBuildPhase;
			buildActionMask = 2147483647;
			files = (
			);
			runOnlyForDeploymentPostprocessing = 0;
		};
/* End PBXResourcesBuildPhase section */

/* Begin PBXSourcesBuildPhase section */
		F403C76A2AAD85F700D85F18 /* Sources */ = {
			isa = PBXSourcesBuildPhase;
			buildActionMask = 2147483647;
			files = (
				F4E008472ADA94E2001E58D8 /* FeedUIComposer.swift in Sources */,
				F420D4CE2AD69F7400919C8F /* FeedImageDataLoaderCacheDecorator.swift in Sources */,
				F403C7722AAD85F700D85F18 /* AppDelegate.swift in Sources */,
				F44DAECD2AAFF744008280E6 /* FeedLoaderWithFallbackComposite.swift in Sources */,
				F4E008482ADA94E2001E58D8 /* MainQueueDispatchDecorator.swift in Sources */,
				F4E008462ADA94E2001E58D8 /* FeedViewAdapter.swift in Sources */,
				F420D4632AD2A6FB00919C8F /* FeedLoaderCacheDecorator.swift in Sources */,
				F4E008452ADA94E2001E58D8 /* FeedLoaderPresentationAdapter.swift in Sources */,
				F4E008442ADA94E2001E58D8 /* FeedImageDataLoaderPresentationAdapter.swift in Sources */,
				F403C7742AAD85F700D85F18 /* SceneDelegate.swift in Sources */,
				F4E008492ADA94E2001E58D8 /* WeakRefVirtualProxy.swift in Sources */,
				F4A92EE32AB2F22D0000D65E /* FeedImageDataLoaderWithFallbackComposite.swift in Sources */,
			);
			runOnlyForDeploymentPostprocessing = 0;
		};
		F403C7802AAD85F800D85F18 /* Sources */ = {
			isa = PBXSourcesBuildPhase;
			buildActionMask = 2147483647;
			files = (
				F4E008542ADA9591001E58D8 /* FeedViewControllerTests+Localization.swift in Sources */,
				F4E0085B2ADA9591001E58D8 /* UIButton+TestHelpers.swift in Sources */,
				F4E008552ADA9591001E58D8 /* UIControl+TestHelpers.swift in Sources */,
				F4E0085D2ADA95E4001E58D8 /* FeedUIIntagrationTests.swift in Sources */,
				F4B521832AB32AD900958463 /* SharedTestHelpers.swift in Sources */,
				F4E008582ADA9591001E58D8 /* FeedViewControllerTests+LoaderSpy.swift in Sources */,
				F4E008572ADA9591001E58D8 /* UIImage+TestHelpers.swift in Sources */,
				F420D4652AD2A9C000919C8F /* FeedImageDataLoaderCacheDecoratorTests.swift in Sources */,
				F420D45F2AD1DF8D00919C8F /* XCTestCase+FeedLoader.swift in Sources */,
				F4E008532ADA9591001E58D8 /* FeedViewControllerTests+Assertions.swift in Sources */,
				F420D46A2AD4856F00919C8F /* XCTestCase+FeedImageDataLoader.swift in Sources */,
				F4C679D02ADB936300D33F7C /* InMemoryFeedStore.swift in Sources */,
				F4E008562ADA9591001E58D8 /* FeedImageCell+TestHelpers.swift in Sources */,
				F4E008242ADA7783001E58D8 /* SceneDelegateTests.swift in Sources */,
				F420D45B2AD1C59700919C8F /* FeedLoaderCacheDecoratorTests.swift in Sources */,
				F420D4682AD4838F00919C8F /* FeedImageDataLoaderSpy.swift in Sources */,
				F4C679CE2ADB928300D33F7C /* HTTPClientStub.swift in Sources */,
				F4E008592ADA9591001E58D8 /* UIRefreshControl+TestHelpers.swift in Sources */,
				F4C679EB2ADFB5D800D33F7C /* UIView+TestHelpers.swift in Sources */,
				F44DAED02AAFF9BE008280E6 /* FeedImageDataLoaderWithFallbackCompositeTest.swift in Sources */,
				F4E0085A2ADA9591001E58D8 /* FeedViewController+TestHelpers.swift in Sources */,
				F4E0085F2ADAC5EF001E58D8 /* FeedAcceptanceTests.swift in Sources */,
				F44DAECB2AAEC1BA008280E6 /* FeedLoaderWithFallbackCompositeTests.swift in Sources */,
				F420D45D2AD1DC3300919C8F /* FeedLoaderStub.swift in Sources */,
				F4B521812AB328D300958463 /* XCTestCase+MemoryLeakTracking.swift in Sources */,
			);
			runOnlyForDeploymentPostprocessing = 0;
		};
/* End PBXSourcesBuildPhase section */

/* Begin PBXTargetDependency section */
		F403C7862AAD85F800D85F18 /* PBXTargetDependency */ = {
			isa = PBXTargetDependency;
			target = F403C76D2AAD85F700D85F18 /* EssentialApp */;
			targetProxy = F403C7852AAD85F800D85F18 /* PBXContainerItemProxy */;
		};
/* End PBXTargetDependency section */

/* Begin PBXVariantGroup section */
		F403C77C2AAD85F800D85F18 /* LaunchScreen.storyboard */ = {
			isa = PBXVariantGroup;
			children = (
				F403C77D2AAD85F800D85F18 /* Base */,
			);
			name = LaunchScreen.storyboard;
			sourceTree = "<group>";
		};
/* End PBXVariantGroup section */

/* Begin XCBuildConfiguration section */
		F403C7962AAD85F800D85F18 /* Debug */ = {
			isa = XCBuildConfiguration;
			buildSettings = {
				ALWAYS_SEARCH_USER_PATHS = NO;
				CLANG_ANALYZER_NONNULL = YES;
				CLANG_ANALYZER_NUMBER_OBJECT_CONVERSION = YES_AGGRESSIVE;
				CLANG_CXX_LANGUAGE_STANDARD = "gnu++20";
				CLANG_ENABLE_MODULES = YES;
				CLANG_ENABLE_OBJC_ARC = YES;
				CLANG_ENABLE_OBJC_WEAK = YES;
				CLANG_WARN_BLOCK_CAPTURE_AUTORELEASING = YES;
				CLANG_WARN_BOOL_CONVERSION = YES;
				CLANG_WARN_COMMA = YES;
				CLANG_WARN_CONSTANT_CONVERSION = YES;
				CLANG_WARN_DEPRECATED_OBJC_IMPLEMENTATIONS = YES;
				CLANG_WARN_DIRECT_OBJC_ISA_USAGE = YES_ERROR;
				CLANG_WARN_DOCUMENTATION_COMMENTS = YES;
				CLANG_WARN_EMPTY_BODY = YES;
				CLANG_WARN_ENUM_CONVERSION = YES;
				CLANG_WARN_INFINITE_RECURSION = YES;
				CLANG_WARN_INT_CONVERSION = YES;
				CLANG_WARN_NON_LITERAL_NULL_CONVERSION = YES;
				CLANG_WARN_OBJC_IMPLICIT_RETAIN_SELF = YES;
				CLANG_WARN_OBJC_LITERAL_CONVERSION = YES;
				CLANG_WARN_OBJC_ROOT_CLASS = YES_ERROR;
				CLANG_WARN_QUOTED_INCLUDE_IN_FRAMEWORK_HEADER = YES;
				CLANG_WARN_RANGE_LOOP_ANALYSIS = YES;
				CLANG_WARN_STRICT_PROTOTYPES = YES;
				CLANG_WARN_SUSPICIOUS_MOVE = YES;
				CLANG_WARN_UNGUARDED_AVAILABILITY = YES_AGGRESSIVE;
				CLANG_WARN_UNREACHABLE_CODE = YES;
				CLANG_WARN__DUPLICATE_METHOD_MATCH = YES;
				COPY_PHASE_STRIP = NO;
				DEBUG_INFORMATION_FORMAT = dwarf;
				ENABLE_STRICT_OBJC_MSGSEND = YES;
				ENABLE_TESTABILITY = YES;
				ENABLE_USER_SCRIPT_SANDBOXING = YES;
				GCC_C_LANGUAGE_STANDARD = gnu11;
				GCC_DYNAMIC_NO_PIC = NO;
				GCC_NO_COMMON_BLOCKS = YES;
				GCC_OPTIMIZATION_LEVEL = 0;
				GCC_PREPROCESSOR_DEFINITIONS = (
					"DEBUG=1",
					"$(inherited)",
				);
				GCC_WARN_64_TO_32_BIT_CONVERSION = YES;
				GCC_WARN_ABOUT_RETURN_TYPE = YES_ERROR;
				GCC_WARN_UNDECLARED_SELECTOR = YES;
				GCC_WARN_UNINITIALIZED_AUTOS = YES_AGGRESSIVE;
				GCC_WARN_UNUSED_FUNCTION = YES;
				GCC_WARN_UNUSED_VARIABLE = YES;
				IPHONEOS_DEPLOYMENT_TARGET = 16.4;
				MTL_ENABLE_DEBUG_INFO = INCLUDE_SOURCE;
				MTL_FAST_MATH = YES;
				ONLY_ACTIVE_ARCH = YES;
				SDKROOT = iphoneos;
				SWIFT_ACTIVE_COMPILATION_CONDITIONS = DEBUG;
				SWIFT_OPTIMIZATION_LEVEL = "-Onone";
			};
			name = Debug;
		};
		F403C7972AAD85F800D85F18 /* Release */ = {
			isa = XCBuildConfiguration;
			buildSettings = {
				ALWAYS_SEARCH_USER_PATHS = NO;
				CLANG_ANALYZER_NONNULL = YES;
				CLANG_ANALYZER_NUMBER_OBJECT_CONVERSION = YES_AGGRESSIVE;
				CLANG_CXX_LANGUAGE_STANDARD = "gnu++20";
				CLANG_ENABLE_MODULES = YES;
				CLANG_ENABLE_OBJC_ARC = YES;
				CLANG_ENABLE_OBJC_WEAK = YES;
				CLANG_WARN_BLOCK_CAPTURE_AUTORELEASING = YES;
				CLANG_WARN_BOOL_CONVERSION = YES;
				CLANG_WARN_COMMA = YES;
				CLANG_WARN_CONSTANT_CONVERSION = YES;
				CLANG_WARN_DEPRECATED_OBJC_IMPLEMENTATIONS = YES;
				CLANG_WARN_DIRECT_OBJC_ISA_USAGE = YES_ERROR;
				CLANG_WARN_DOCUMENTATION_COMMENTS = YES;
				CLANG_WARN_EMPTY_BODY = YES;
				CLANG_WARN_ENUM_CONVERSION = YES;
				CLANG_WARN_INFINITE_RECURSION = YES;
				CLANG_WARN_INT_CONVERSION = YES;
				CLANG_WARN_NON_LITERAL_NULL_CONVERSION = YES;
				CLANG_WARN_OBJC_IMPLICIT_RETAIN_SELF = YES;
				CLANG_WARN_OBJC_LITERAL_CONVERSION = YES;
				CLANG_WARN_OBJC_ROOT_CLASS = YES_ERROR;
				CLANG_WARN_QUOTED_INCLUDE_IN_FRAMEWORK_HEADER = YES;
				CLANG_WARN_RANGE_LOOP_ANALYSIS = YES;
				CLANG_WARN_STRICT_PROTOTYPES = YES;
				CLANG_WARN_SUSPICIOUS_MOVE = YES;
				CLANG_WARN_UNGUARDED_AVAILABILITY = YES_AGGRESSIVE;
				CLANG_WARN_UNREACHABLE_CODE = YES;
				CLANG_WARN__DUPLICATE_METHOD_MATCH = YES;
				CODE_SIGN_IDENTITY = "Apple Distribution";
				COPY_PHASE_STRIP = NO;
				DEBUG_INFORMATION_FORMAT = "dwarf-with-dsym";
				ENABLE_NS_ASSERTIONS = NO;
				ENABLE_STRICT_OBJC_MSGSEND = YES;
				ENABLE_USER_SCRIPT_SANDBOXING = YES;
				GCC_C_LANGUAGE_STANDARD = gnu11;
				GCC_NO_COMMON_BLOCKS = YES;
				GCC_WARN_64_TO_32_BIT_CONVERSION = YES;
				GCC_WARN_ABOUT_RETURN_TYPE = YES_ERROR;
				GCC_WARN_UNDECLARED_SELECTOR = YES;
				GCC_WARN_UNINITIALIZED_AUTOS = YES_AGGRESSIVE;
				GCC_WARN_UNUSED_FUNCTION = YES;
				GCC_WARN_UNUSED_VARIABLE = YES;
				IPHONEOS_DEPLOYMENT_TARGET = 16.4;
				MTL_ENABLE_DEBUG_INFO = NO;
				MTL_FAST_MATH = YES;
				SDKROOT = iphoneos;
				SWIFT_COMPILATION_MODE = wholemodule;
				SWIFT_OPTIMIZATION_LEVEL = "-O";
				VALIDATE_PRODUCT = YES;
			};
			name = Release;
		};
		F403C7992AAD85F800D85F18 /* Debug */ = {
			isa = XCBuildConfiguration;
			buildSettings = {
				ASSETCATALOG_COMPILER_APPICON_NAME = AppIcon;
				ASSETCATALOG_COMPILER_GLOBAL_ACCENT_COLOR_NAME = AccentColor;
				CODE_SIGN_IDENTITY = "Apple Development";
				CODE_SIGN_STYLE = Automatic;
				CURRENT_PROJECT_VERSION = 5;
				DEVELOPMENT_TEAM = HA9F856YHB;
				GENERATE_INFOPLIST_FILE = YES;
				INFOPLIST_FILE = EssentialApp/Info.plist;
				INFOPLIST_KEY_UIApplicationSupportsIndirectInputEvents = YES;
				INFOPLIST_KEY_UILaunchStoryboardName = LaunchScreen;
				INFOPLIST_KEY_UIMainStoryboardFile = "";
				INFOPLIST_KEY_UISupportedInterfaceOrientations = UIInterfaceOrientationPortrait;
				INFOPLIST_KEY_UISupportedInterfaceOrientations_iPad = "UIInterfaceOrientationLandscapeLeft UIInterfaceOrientationLandscapeRight UIInterfaceOrientationPortrait UIInterfaceOrientationPortraitUpsideDown";
				IPHONEOS_DEPLOYMENT_TARGET = 16.4;
				LD_RUNPATH_SEARCH_PATHS = (
					"$(inherited)",
					"@executable_path/Frameworks",
				);
				MARKETING_VERSION = 1.0;
				PRODUCT_BUNDLE_IDENTIFIER = "com.wei-tusng.EssentialApp";
				PRODUCT_NAME = "$(TARGET_NAME)";
				PROVISIONING_PROFILE_SPECIFIER = "";
				SWIFT_EMIT_LOC_STRINGS = YES;
				SWIFT_VERSION = 5.0;
				TARGETED_DEVICE_FAMILY = "1,2";
			};
			name = Debug;
		};
		F403C79A2AAD85F800D85F18 /* Release */ = {
			isa = XCBuildConfiguration;
			buildSettings = {
				ASSETCATALOG_COMPILER_APPICON_NAME = AppIcon;
				ASSETCATALOG_COMPILER_GLOBAL_ACCENT_COLOR_NAME = AccentColor;
				CODE_SIGN_IDENTITY = "Apple Distribution: WEI-TSUNG CHENG (HA9F856YHB)";
				CODE_SIGN_STYLE = Manual;
				CURRENT_PROJECT_VERSION = 5;
				DEVELOPMENT_TEAM = HA9F856YHB;
				GENERATE_INFOPLIST_FILE = YES;
				INFOPLIST_FILE = EssentialApp/Info.plist;
				INFOPLIST_KEY_UIApplicationSupportsIndirectInputEvents = YES;
				INFOPLIST_KEY_UILaunchStoryboardName = LaunchScreen;
				INFOPLIST_KEY_UIMainStoryboardFile = "";
				INFOPLIST_KEY_UISupportedInterfaceOrientations = UIInterfaceOrientationPortrait;
				INFOPLIST_KEY_UISupportedInterfaceOrientations_iPad = "UIInterfaceOrientationLandscapeLeft UIInterfaceOrientationLandscapeRight UIInterfaceOrientationPortrait UIInterfaceOrientationPortraitUpsideDown";
				IPHONEOS_DEPLOYMENT_TARGET = 16.4;
				LD_RUNPATH_SEARCH_PATHS = (
					"$(inherited)",
					"@executable_path/Frameworks",
				);
				MARKETING_VERSION = 1.0;
				PRODUCT_BUNDLE_IDENTIFIER = "com.wei-tusng.EssentialApp";
				PRODUCT_NAME = "$(TARGET_NAME)";
				PROVISIONING_PROFILE_SPECIFIER = EssentialAppProvisioningProfile;
				"PROVISIONING_PROFILE_SPECIFIER[sdk=iphoneos*]" = "Essential APP Prac";
				SWIFT_EMIT_LOC_STRINGS = YES;
				SWIFT_VERSION = 5.0;
				TARGETED_DEVICE_FAMILY = "1,2";
			};
			name = Release;
		};
		F403C79C2AAD85F800D85F18 /* Debug */ = {
			isa = XCBuildConfiguration;
			buildSettings = {
				ALWAYS_EMBED_SWIFT_STANDARD_LIBRARIES = YES;
				BUNDLE_LOADER = "$(TEST_HOST)";
				CLANG_ENABLE_MODULES = YES;
				CODE_SIGN_STYLE = Automatic;
				CURRENT_PROJECT_VERSION = 1;
				DEVELOPMENT_TEAM = HA9F856YHB;
				GENERATE_INFOPLIST_FILE = YES;
				IPHONEOS_DEPLOYMENT_TARGET = 16.4;
				LD_RUNPATH_SEARCH_PATHS = (
					"$(inherited)",
					"@executable_path/Frameworks",
					"@loader_path/Frameworks",
				);
				MARKETING_VERSION = 1.0;
				PRODUCT_BUNDLE_IDENTIFIER = "com.wei-tusng.EssentialAppTests";
				PRODUCT_NAME = "$(TARGET_NAME)";
				SWIFT_EMIT_LOC_STRINGS = NO;
				SWIFT_OPTIMIZATION_LEVEL = "-Onone";
				SWIFT_VERSION = 5.0;
				TARGETED_DEVICE_FAMILY = "1,2";
				TEST_HOST = "$(BUILT_PRODUCTS_DIR)/EssentialApp.app/$(BUNDLE_EXECUTABLE_FOLDER_PATH)/EssentialApp";
			};
			name = Debug;
		};
		F403C79D2AAD85F800D85F18 /* Release */ = {
			isa = XCBuildConfiguration;
			buildSettings = {
				ALWAYS_EMBED_SWIFT_STANDARD_LIBRARIES = YES;
				BUNDLE_LOADER = "$(TEST_HOST)";
				CLANG_ENABLE_MODULES = YES;
				CODE_SIGN_STYLE = Automatic;
				CURRENT_PROJECT_VERSION = 1;
				DEVELOPMENT_TEAM = HA9F856YHB;
				GENERATE_INFOPLIST_FILE = YES;
				IPHONEOS_DEPLOYMENT_TARGET = 16.4;
				LD_RUNPATH_SEARCH_PATHS = (
					"$(inherited)",
					"@executable_path/Frameworks",
					"@loader_path/Frameworks",
				);
				MARKETING_VERSION = 1.0;
				PRODUCT_BUNDLE_IDENTIFIER = "com.wei-tusng.EssentialAppTests";
				PRODUCT_NAME = "$(TARGET_NAME)";
				SWIFT_EMIT_LOC_STRINGS = NO;
				SWIFT_VERSION = 5.0;
				TARGETED_DEVICE_FAMILY = "1,2";
				TEST_HOST = "$(BUILT_PRODUCTS_DIR)/EssentialApp.app/$(BUNDLE_EXECUTABLE_FOLDER_PATH)/EssentialApp";
			};
			name = Release;
		};
/* End XCBuildConfiguration section */

/* Begin XCConfigurationList section */
		F403C7692AAD85F700D85F18 /* Build configuration list for PBXProject "EssentialApp" */ = {
			isa = XCConfigurationList;
			buildConfigurations = (
				F403C7962AAD85F800D85F18 /* Debug */,
				F403C7972AAD85F800D85F18 /* Release */,
			);
			defaultConfigurationIsVisible = 0;
			defaultConfigurationName = Release;
		};
		F403C7982AAD85F800D85F18 /* Build configuration list for PBXNativeTarget "EssentialApp" */ = {
			isa = XCConfigurationList;
			buildConfigurations = (
				F403C7992AAD85F800D85F18 /* Debug */,
				F403C79A2AAD85F800D85F18 /* Release */,
			);
			defaultConfigurationIsVisible = 0;
			defaultConfigurationName = Release;
		};
		F403C79B2AAD85F800D85F18 /* Build configuration list for PBXNativeTarget "EssentialAppTests" */ = {
			isa = XCConfigurationList;
			buildConfigurations = (
				F403C79C2AAD85F800D85F18 /* Debug */,
				F403C79D2AAD85F800D85F18 /* Release */,
			);
			defaultConfigurationIsVisible = 0;
			defaultConfigurationName = Release;
		};
/* End XCConfigurationList section */
	};
	rootObject = F403C7662AAD85F700D85F18 /* Project object */;
}
