// !$*UTF8*$!
{
	archiveVersion = 1;
	classes = {
	};
	objectVersion = 56;
	objects = {

/* Begin PBXBuildFile section */
		F406B4932A91F6B100EFD3E9 /* EssentialFeedStudy.framework in Frameworks */ = {isa = PBXBuildFile; fileRef = F47C3B592A5A9BD200B1F60E /* EssentialFeedStudy.framework */; platformFilter = ios; };
		F406B4982A91FBF200EFD3E9 /* XCTestCase+MemoryTracking.swift in Sources */ = {isa = PBXBuildFile; fileRef = F4FD17A62A646E6100E0B37E /* XCTestCase+MemoryTracking.swift */; };
		F406B49A2A92308000EFD3E9 /* FeedViewController.swift in Sources */ = {isa = PBXBuildFile; fileRef = F406B4992A92308000EFD3E9 /* FeedViewController.swift */; };
		F406B49C2A9244A600EFD3E9 /* FeedImageCell.swift in Sources */ = {isa = PBXBuildFile; fileRef = F406B49B2A9244A600EFD3E9 /* FeedImageCell.swift */; };
		F406B49E2A93502000EFD3E9 /* UIView+Shimmering.swift in Sources */ = {isa = PBXBuildFile; fileRef = F406B49D2A93502000EFD3E9 /* UIView+Shimmering.swift */; };
		F40D621D2A8CE650009D2748 /* XCTestCase+MemoryTracking.swift in Sources */ = {isa = PBXBuildFile; fileRef = F4FD17A62A646E6100E0B37E /* XCTestCase+MemoryTracking.swift */; };
		F40D626C2A8F5145009D2748 /* EssentailFeediOS.framework in Frameworks */ = {isa = PBXBuildFile; fileRef = F40D62642A8F5145009D2748 /* EssentailFeediOS.framework */; };
		F43424212A85656800CE0ED1 /* FeedStoreSpecs.swift in Sources */ = {isa = PBXBuildFile; fileRef = F43424202A85656800CE0ED1 /* FeedStoreSpecs.swift */; };
		F43424232A8567AB00CE0ED1 /* XCTestCase+FeedStoreSpecs.swift in Sources */ = {isa = PBXBuildFile; fileRef = F43424222A8567AB00CE0ED1 /* XCTestCase+FeedStoreSpecs.swift */; };
		F43424252A85D70C00CE0ED1 /* XCTestCase+FailableRetrieveFeedStoreSpecs.swift in Sources */ = {isa = PBXBuildFile; fileRef = F43424242A85D70C00CE0ED1 /* XCTestCase+FailableRetrieveFeedStoreSpecs.swift */; };
		F43424272A85DA7600CE0ED1 /* XCTestCase+FailableInsertFeedStoreSpecs.swift in Sources */ = {isa = PBXBuildFile; fileRef = F43424262A85DA7600CE0ED1 /* XCTestCase+FailableInsertFeedStoreSpecs.swift */; };
		F43424292A85DB8900CE0ED1 /* XCTestCase+FailableDeleteFeedStoreSpecs.swift in Sources */ = {isa = PBXBuildFile; fileRef = F43424282A85DB8900CE0ED1 /* XCTestCase+FailableDeleteFeedStoreSpecs.swift */; };
		F434242C2A85E95700CE0ED1 /* CoreDataFeedStoreTests.swift in Sources */ = {isa = PBXBuildFile; fileRef = F434242B2A85E95700CE0ED1 /* CoreDataFeedStoreTests.swift */; };
		F434242E2A85EC8900CE0ED1 /* CoreDataFeedStore.swift in Sources */ = {isa = PBXBuildFile; fileRef = F434242D2A85EC8900CE0ED1 /* CoreDataFeedStore.swift */; };
		F43424312A86098900CE0ED1 /* FeedStore.xcdatamodeld in Sources */ = {isa = PBXBuildFile; fileRef = F434242F2A86098900CE0ED1 /* FeedStore.xcdatamodeld */; };
		F43424362A89D95B00CE0ED1 /* CoreDataHelpers.swift in Sources */ = {isa = PBXBuildFile; fileRef = F43424352A89D95B00CE0ED1 /* CoreDataHelpers.swift */; };
		F43424382A89DD2400CE0ED1 /* ManagedCache.swift in Sources */ = {isa = PBXBuildFile; fileRef = F43424372A89DD2400CE0ED1 /* ManagedCache.swift */; };
		F434243A2A89DD7100CE0ED1 /* ManagedFeedImage.swift in Sources */ = {isa = PBXBuildFile; fileRef = F43424392A89DD7100CE0ED1 /* ManagedFeedImage.swift */; };
		F43424422A8A9BC900CE0ED1 /* EssentialFeedCacheIntegrationTests.swift in Sources */ = {isa = PBXBuildFile; fileRef = F43424412A8A9BC900CE0ED1 /* EssentialFeedCacheIntegrationTests.swift */; };
		F43424432A8A9BC900CE0ED1 /* EssentialFeedStudy.framework in Frameworks */ = {isa = PBXBuildFile; fileRef = F47C3B592A5A9BD200B1F60E /* EssentialFeedStudy.framework */; };
		F434244B2A8D35B000CE0ED1 /* FeedCacheTestHelpers.swift in Sources */ = {isa = PBXBuildFile; fileRef = F48786462A7E399B00563AFC /* FeedCacheTestHelpers.swift */; };
		F434244C2A8D384100CE0ED1 /* SharedTestHelpers.swift in Sources */ = {isa = PBXBuildFile; fileRef = F48786482A7E3B3000563AFC /* SharedTestHelpers.swift */; };
		F437D0392A7E0AF0006356A2 /* ValidateFeedCacheUseCaseTests.swift in Sources */ = {isa = PBXBuildFile; fileRef = F437D0382A7E0AF0006356A2 /* ValidateFeedCacheUseCaseTests.swift */; };
		F47C3B622A5A9BD200B1F60E /* EssentialFeedStudy.framework in Frameworks */ = {isa = PBXBuildFile; fileRef = F47C3B592A5A9BD200B1F60E /* EssentialFeedStudy.framework */; };
		F47C3BA22A5A9DD100B1F60E /* FeedImage.swift in Sources */ = {isa = PBXBuildFile; fileRef = F47C3BA12A5A9DD100B1F60E /* FeedImage.swift */; };
		F47C3BA42A5AAFCF00B1F60E /* FeedLoader.swift in Sources */ = {isa = PBXBuildFile; fileRef = F47C3BA32A5AAFCE00B1F60E /* FeedLoader.swift */; };
		F47C3BA72A5AB5FF00B1F60E /* LoadFeedFromRemoteUseCaseTests.swift in Sources */ = {isa = PBXBuildFile; fileRef = F47C3BA62A5AB5FF00B1F60E /* LoadFeedFromRemoteUseCaseTests.swift */; };
		F47C3BAA2A5B25EE00B1F60E /* RemoteFeedLoader.swift in Sources */ = {isa = PBXBuildFile; fileRef = F47C3BA92A5B25EE00B1F60E /* RemoteFeedLoader.swift */; };
		F48786472A7E399B00563AFC /* FeedCacheTestHelpers.swift in Sources */ = {isa = PBXBuildFile; fileRef = F48786462A7E399B00563AFC /* FeedCacheTestHelpers.swift */; };
		F48786492A7E3B3000563AFC /* SharedTestHelpers.swift in Sources */ = {isa = PBXBuildFile; fileRef = F48786482A7E3B3000563AFC /* SharedTestHelpers.swift */; };
		F498498F2A6EF26300C47CC2 /* CacheFeedUseCaseTests.swift in Sources */ = {isa = PBXBuildFile; fileRef = F498498E2A6EF26300C47CC2 /* CacheFeedUseCaseTests.swift */; };
		F4A390712A7F50BE00812A71 /* FeedCachePolicy.swift in Sources */ = {isa = PBXBuildFile; fileRef = F4A390702A7F50BE00812A71 /* FeedCachePolicy.swift */; };
		F4B4C75E2A66C7D0001F8206 /* URLSessionHTTPClient.swift in Sources */ = {isa = PBXBuildFile; fileRef = F4B4C75D2A66C7D0001F8206 /* URLSessionHTTPClient.swift */; };
		F4B68B7C2A5E40750069C8BE /* HTTPClient.swift in Sources */ = {isa = PBXBuildFile; fileRef = F4B68B7B2A5E40750069C8BE /* HTTPClient.swift */; };
		F4B68B7E2A5E445A0069C8BE /* FeedItemsMapper.swift in Sources */ = {isa = PBXBuildFile; fileRef = F4B68B7D2A5E445A0069C8BE /* FeedItemsMapper.swift */; };
		F4BD36EC2A7501FC00AF925C /* LocalFeedLoader.swift in Sources */ = {isa = PBXBuildFile; fileRef = F4BD36EB2A7501FC00AF925C /* LocalFeedLoader.swift */; };
		F4BD36EE2A75036600AF925C /* FeedStore.swift in Sources */ = {isa = PBXBuildFile; fileRef = F4BD36ED2A75036600AF925C /* FeedStore.swift */; };
		F4BD36F02A77523000AF925C /* RemoteFeedItem.swift in Sources */ = {isa = PBXBuildFile; fileRef = F4BD36EF2A77523000AF925C /* RemoteFeedItem.swift */; };
		F4BD36F22A77532F00AF925C /* LocalFeedImage.swift in Sources */ = {isa = PBXBuildFile; fileRef = F4BD36F12A77532F00AF925C /* LocalFeedImage.swift */; };
		F4BD36F42A776A9400AF925C /* LoadFeedFromCacheUseCaseTests.swift in Sources */ = {isa = PBXBuildFile; fileRef = F4BD36F32A776A9400AF925C /* LoadFeedFromCacheUseCaseTests.swift */; };
		F4BD36F72A777C6200AF925C /* FeedStoreSpy.swift in Sources */ = {isa = PBXBuildFile; fileRef = F4BD36F62A777C6200AF925C /* FeedStoreSpy.swift */; };
		F4D0845F2A91C44A0038754C /* FeedViewControllerTests.swift in Sources */ = {isa = PBXBuildFile; fileRef = F4D0845E2A91C44A0038754C /* FeedViewControllerTests.swift */; };
		F4D1F0622A66D228002859B6 /* EssentialFeedStudyAPIEndToEndTests.swift in Sources */ = {isa = PBXBuildFile; fileRef = F4D1F0612A66D228002859B6 /* EssentialFeedStudyAPIEndToEndTests.swift */; };
		F4D1F0632A66D228002859B6 /* EssentialFeedStudy.framework in Frameworks */ = {isa = PBXBuildFile; fileRef = F47C3B592A5A9BD200B1F60E /* EssentialFeedStudy.framework */; };
		F4D1F0692A681696002859B6 /* XCTestCase+MemoryTracking.swift in Sources */ = {isa = PBXBuildFile; fileRef = F4FD17A62A646E6100E0B37E /* XCTestCase+MemoryTracking.swift */; };
		F4E333682A9849340060451D /* UIImage+TestHelpers.swift in Sources */ = {isa = PBXBuildFile; fileRef = F4E333672A9849340060451D /* UIImage+TestHelpers.swift */; };
		F4E3336A2A9856E40060451D /* UIRefreshControl+TestHelpers.swift in Sources */ = {isa = PBXBuildFile; fileRef = F4E333692A9856E40060451D /* UIRefreshControl+TestHelpers.swift */; };
		F4E3336C2A985A050060451D /* UIButton+TestHelpers.swift in Sources */ = {isa = PBXBuildFile; fileRef = F4E3336B2A985A050060451D /* UIButton+TestHelpers.swift */; };
		F4E3336E2A985AB10060451D /* UIControl+TestHelpers.swift in Sources */ = {isa = PBXBuildFile; fileRef = F4E3336D2A985AB10060451D /* UIControl+TestHelpers.swift */; };
		F4E333732A985E650060451D /* UIViewController+TestHelpers.swift in Sources */ = {isa = PBXBuildFile; fileRef = F4E333722A985E650060451D /* UIViewController+TestHelpers.swift */; };
		F4E333752A9867200060451D /* FeedImageCell+TestHelpers.swift in Sources */ = {isa = PBXBuildFile; fileRef = F4E333742A9867200060451D /* FeedImageCell+TestHelpers.swift */; };
		F4E333772A9867C20060451D /* FeedViewControllerTests+LoaderSpy.swift in Sources */ = {isa = PBXBuildFile; fileRef = F4E333762A9867C20060451D /* FeedViewControllerTests+LoaderSpy.swift */; };
		F4FC62A32A6269F600853612 /* URLSessionHTTPClientTests.swift in Sources */ = {isa = PBXBuildFile; fileRef = F4FC62A22A6269F600853612 /* URLSessionHTTPClientTests.swift */; };
		F4FD17A72A646E6100E0B37E /* XCTestCase+MemoryTracking.swift in Sources */ = {isa = PBXBuildFile; fileRef = F4FD17A62A646E6100E0B37E /* XCTestCase+MemoryTracking.swift */; };
/* End PBXBuildFile section */

/* Begin PBXContainerItemProxy section */
		F406B4952A91F6B100EFD3E9 /* PBXContainerItemProxy */ = {
			isa = PBXContainerItemProxy;
			containerPortal = F47C3B502A5A9BD200B1F60E /* Project object */;
			proxyType = 1;
			remoteGlobalIDString = F47C3B582A5A9BD200B1F60E;
			remoteInfo = EssentialFeedStudy;
		};
		F40D626D2A8F5145009D2748 /* PBXContainerItemProxy */ = {
			isa = PBXContainerItemProxy;
			containerPortal = F47C3B502A5A9BD200B1F60E /* Project object */;
			proxyType = 1;
			remoteGlobalIDString = F40D62632A8F5145009D2748;
			remoteInfo = EssentailFeediOS;
		};
		F43424442A8A9BC900CE0ED1 /* PBXContainerItemProxy */ = {
			isa = PBXContainerItemProxy;
			containerPortal = F47C3B502A5A9BD200B1F60E /* Project object */;
			proxyType = 1;
			remoteGlobalIDString = F47C3B582A5A9BD200B1F60E;
			remoteInfo = EssentialFeedStudy;
		};
		F47C3B632A5A9BD200B1F60E /* PBXContainerItemProxy */ = {
			isa = PBXContainerItemProxy;
			containerPortal = F47C3B502A5A9BD200B1F60E /* Project object */;
			proxyType = 1;
			remoteGlobalIDString = F47C3B582A5A9BD200B1F60E;
			remoteInfo = EssentialFeedStudy;
		};
		F4D1F0642A66D228002859B6 /* PBXContainerItemProxy */ = {
			isa = PBXContainerItemProxy;
			containerPortal = F47C3B502A5A9BD200B1F60E /* Project object */;
			proxyType = 1;
			remoteGlobalIDString = F47C3B582A5A9BD200B1F60E;
			remoteInfo = EssentialFeedStudy;
		};
/* End PBXContainerItemProxy section */

/* Begin PBXFileReference section */
		F406B48C2A8F5D9C00EFD3E9 /* CI_iOS.xctestplan */ = {isa = PBXFileReference; lastKnownFileType = text; path = CI_iOS.xctestplan; sourceTree = "<group>"; };
		F406B4992A92308000EFD3E9 /* FeedViewController.swift */ = {isa = PBXFileReference; lastKnownFileType = sourcecode.swift; path = FeedViewController.swift; sourceTree = "<group>"; };
		F406B49B2A9244A600EFD3E9 /* FeedImageCell.swift */ = {isa = PBXFileReference; lastKnownFileType = sourcecode.swift; path = FeedImageCell.swift; sourceTree = "<group>"; };
		F406B49D2A93502000EFD3E9 /* UIView+Shimmering.swift */ = {isa = PBXFileReference; lastKnownFileType = sourcecode.swift; path = "UIView+Shimmering.swift"; sourceTree = "<group>"; };
		F40D62642A8F5145009D2748 /* EssentailFeediOS.framework */ = {isa = PBXFileReference; explicitFileType = wrapper.framework; includeInIndex = 0; path = EssentailFeediOS.framework; sourceTree = BUILT_PRODUCTS_DIR; };
		F40D626B2A8F5145009D2748 /* EssentailFeediOSTests.xctest */ = {isa = PBXFileReference; explicitFileType = wrapper.cfbundle; includeInIndex = 0; path = EssentailFeediOSTests.xctest; sourceTree = BUILT_PRODUCTS_DIR; };
		F43424202A85656800CE0ED1 /* FeedStoreSpecs.swift */ = {isa = PBXFileReference; lastKnownFileType = sourcecode.swift; path = FeedStoreSpecs.swift; sourceTree = "<group>"; };
		F43424222A8567AB00CE0ED1 /* XCTestCase+FeedStoreSpecs.swift */ = {isa = PBXFileReference; lastKnownFileType = sourcecode.swift; path = "XCTestCase+FeedStoreSpecs.swift"; sourceTree = "<group>"; };
		F43424242A85D70C00CE0ED1 /* XCTestCase+FailableRetrieveFeedStoreSpecs.swift */ = {isa = PBXFileReference; lastKnownFileType = sourcecode.swift; path = "XCTestCase+FailableRetrieveFeedStoreSpecs.swift"; sourceTree = "<group>"; };
		F43424262A85DA7600CE0ED1 /* XCTestCase+FailableInsertFeedStoreSpecs.swift */ = {isa = PBXFileReference; lastKnownFileType = sourcecode.swift; path = "XCTestCase+FailableInsertFeedStoreSpecs.swift"; sourceTree = "<group>"; };
		F43424282A85DB8900CE0ED1 /* XCTestCase+FailableDeleteFeedStoreSpecs.swift */ = {isa = PBXFileReference; lastKnownFileType = sourcecode.swift; path = "XCTestCase+FailableDeleteFeedStoreSpecs.swift"; sourceTree = "<group>"; };
		F434242B2A85E95700CE0ED1 /* CoreDataFeedStoreTests.swift */ = {isa = PBXFileReference; lastKnownFileType = sourcecode.swift; path = CoreDataFeedStoreTests.swift; sourceTree = "<group>"; };
		F434242D2A85EC8900CE0ED1 /* CoreDataFeedStore.swift */ = {isa = PBXFileReference; lastKnownFileType = sourcecode.swift; path = CoreDataFeedStore.swift; sourceTree = "<group>"; };
		F43424302A86098900CE0ED1 /* FeedStore.xcdatamodel */ = {isa = PBXFileReference; lastKnownFileType = wrapper.xcdatamodel; path = FeedStore.xcdatamodel; sourceTree = "<group>"; };
		F43424352A89D95B00CE0ED1 /* CoreDataHelpers.swift */ = {isa = PBXFileReference; lastKnownFileType = sourcecode.swift; path = CoreDataHelpers.swift; sourceTree = "<group>"; };
		F43424372A89DD2400CE0ED1 /* ManagedCache.swift */ = {isa = PBXFileReference; lastKnownFileType = sourcecode.swift; path = ManagedCache.swift; sourceTree = "<group>"; };
		F43424392A89DD7100CE0ED1 /* ManagedFeedImage.swift */ = {isa = PBXFileReference; lastKnownFileType = sourcecode.swift; path = ManagedFeedImage.swift; sourceTree = "<group>"; };
		F434243F2A8A9BC900CE0ED1 /* EssentialFeedCacheIntegrationTests.xctest */ = {isa = PBXFileReference; explicitFileType = wrapper.cfbundle; includeInIndex = 0; path = EssentialFeedCacheIntegrationTests.xctest; sourceTree = BUILT_PRODUCTS_DIR; };
		F43424412A8A9BC900CE0ED1 /* EssentialFeedCacheIntegrationTests.swift */ = {isa = PBXFileReference; lastKnownFileType = sourcecode.swift; path = EssentialFeedCacheIntegrationTests.swift; sourceTree = "<group>"; };
		F437D0382A7E0AF0006356A2 /* ValidateFeedCacheUseCaseTests.swift */ = {isa = PBXFileReference; lastKnownFileType = sourcecode.swift; path = ValidateFeedCacheUseCaseTests.swift; sourceTree = "<group>"; };
		F47C3B592A5A9BD200B1F60E /* EssentialFeedStudy.framework */ = {isa = PBXFileReference; explicitFileType = wrapper.framework; includeInIndex = 0; path = EssentialFeedStudy.framework; sourceTree = BUILT_PRODUCTS_DIR; };
		F47C3B612A5A9BD200B1F60E /* EssentialFeedStudyTests.xctest */ = {isa = PBXFileReference; explicitFileType = wrapper.cfbundle; includeInIndex = 0; path = EssentialFeedStudyTests.xctest; sourceTree = BUILT_PRODUCTS_DIR; };
		F47C3BA12A5A9DD100B1F60E /* FeedImage.swift */ = {isa = PBXFileReference; lastKnownFileType = sourcecode.swift; path = FeedImage.swift; sourceTree = "<group>"; };
		F47C3BA32A5AAFCE00B1F60E /* FeedLoader.swift */ = {isa = PBXFileReference; lastKnownFileType = sourcecode.swift; path = FeedLoader.swift; sourceTree = "<group>"; };
		F47C3BA62A5AB5FF00B1F60E /* LoadFeedFromRemoteUseCaseTests.swift */ = {isa = PBXFileReference; lastKnownFileType = sourcecode.swift; path = LoadFeedFromRemoteUseCaseTests.swift; sourceTree = "<group>"; };
		F47C3BA92A5B25EE00B1F60E /* RemoteFeedLoader.swift */ = {isa = PBXFileReference; lastKnownFileType = sourcecode.swift; path = RemoteFeedLoader.swift; sourceTree = "<group>"; };
		F48786462A7E399B00563AFC /* FeedCacheTestHelpers.swift */ = {isa = PBXFileReference; lastKnownFileType = sourcecode.swift; path = FeedCacheTestHelpers.swift; sourceTree = "<group>"; };
		F48786482A7E3B3000563AFC /* SharedTestHelpers.swift */ = {isa = PBXFileReference; lastKnownFileType = sourcecode.swift; path = SharedTestHelpers.swift; sourceTree = "<group>"; };
		F498498E2A6EF26300C47CC2 /* CacheFeedUseCaseTests.swift */ = {isa = PBXFileReference; lastKnownFileType = sourcecode.swift; path = CacheFeedUseCaseTests.swift; sourceTree = "<group>"; };
		F4A390702A7F50BE00812A71 /* FeedCachePolicy.swift */ = {isa = PBXFileReference; lastKnownFileType = sourcecode.swift; path = FeedCachePolicy.swift; sourceTree = "<group>"; };
		F4B4C75D2A66C7D0001F8206 /* URLSessionHTTPClient.swift */ = {isa = PBXFileReference; lastKnownFileType = sourcecode.swift; path = URLSessionHTTPClient.swift; sourceTree = "<group>"; };
		F4B68B7B2A5E40750069C8BE /* HTTPClient.swift */ = {isa = PBXFileReference; lastKnownFileType = sourcecode.swift; path = HTTPClient.swift; sourceTree = "<group>"; };
		F4B68B7D2A5E445A0069C8BE /* FeedItemsMapper.swift */ = {isa = PBXFileReference; lastKnownFileType = sourcecode.swift; path = FeedItemsMapper.swift; sourceTree = "<group>"; };
		F4BD36EB2A7501FC00AF925C /* LocalFeedLoader.swift */ = {isa = PBXFileReference; lastKnownFileType = sourcecode.swift; path = LocalFeedLoader.swift; sourceTree = "<group>"; };
		F4BD36ED2A75036600AF925C /* FeedStore.swift */ = {isa = PBXFileReference; lastKnownFileType = sourcecode.swift; path = FeedStore.swift; sourceTree = "<group>"; };
		F4BD36EF2A77523000AF925C /* RemoteFeedItem.swift */ = {isa = PBXFileReference; lastKnownFileType = sourcecode.swift; path = RemoteFeedItem.swift; sourceTree = "<group>"; };
		F4BD36F12A77532F00AF925C /* LocalFeedImage.swift */ = {isa = PBXFileReference; lastKnownFileType = sourcecode.swift; path = LocalFeedImage.swift; sourceTree = "<group>"; };
		F4BD36F32A776A9400AF925C /* LoadFeedFromCacheUseCaseTests.swift */ = {isa = PBXFileReference; lastKnownFileType = sourcecode.swift; path = LoadFeedFromCacheUseCaseTests.swift; sourceTree = "<group>"; };
		F4BD36F62A777C6200AF925C /* FeedStoreSpy.swift */ = {isa = PBXFileReference; lastKnownFileType = sourcecode.swift; path = FeedStoreSpy.swift; sourceTree = "<group>"; };
		F4D0845E2A91C44A0038754C /* FeedViewControllerTests.swift */ = {isa = PBXFileReference; lastKnownFileType = sourcecode.swift; path = FeedViewControllerTests.swift; sourceTree = "<group>"; };
		F4D1F05A2A66CF72002859B6 /* EssentialFeedStudy.xctestplan */ = {isa = PBXFileReference; lastKnownFileType = text; path = EssentialFeedStudy.xctestplan; sourceTree = "<group>"; };
		F4D1F05F2A66D228002859B6 /* EssentialFeedStudyAPIEndToEndTests.xctest */ = {isa = PBXFileReference; explicitFileType = wrapper.cfbundle; includeInIndex = 0; path = EssentialFeedStudyAPIEndToEndTests.xctest; sourceTree = BUILT_PRODUCTS_DIR; };
		F4D1F0612A66D228002859B6 /* EssentialFeedStudyAPIEndToEndTests.swift */ = {isa = PBXFileReference; lastKnownFileType = sourcecode.swift; path = EssentialFeedStudyAPIEndToEndTests.swift; sourceTree = "<group>"; };
		F4D1F06A2A68192F002859B6 /* CI_macOS.xctestplan */ = {isa = PBXFileReference; lastKnownFileType = text; path = CI_macOS.xctestplan; sourceTree = "<group>"; };
		F4D1F06D2A686CB3002859B6 /* EssentialFeedStudyAPIEndToEndTests.xctestplan */ = {isa = PBXFileReference; lastKnownFileType = text; path = EssentialFeedStudyAPIEndToEndTests.xctestplan; sourceTree = SOURCE_ROOT; };
		F4E333672A9849340060451D /* UIImage+TestHelpers.swift */ = {isa = PBXFileReference; lastKnownFileType = sourcecode.swift; path = "UIImage+TestHelpers.swift"; sourceTree = "<group>"; };
		F4E333692A9856E40060451D /* UIRefreshControl+TestHelpers.swift */ = {isa = PBXFileReference; lastKnownFileType = sourcecode.swift; path = "UIRefreshControl+TestHelpers.swift"; sourceTree = "<group>"; };
		F4E3336B2A985A050060451D /* UIButton+TestHelpers.swift */ = {isa = PBXFileReference; lastKnownFileType = sourcecode.swift; path = "UIButton+TestHelpers.swift"; sourceTree = "<group>"; };
		F4E3336D2A985AB10060451D /* UIControl+TestHelpers.swift */ = {isa = PBXFileReference; lastKnownFileType = sourcecode.swift; path = "UIControl+TestHelpers.swift"; sourceTree = "<group>"; };
		F4E333722A985E650060451D /* UIViewController+TestHelpers.swift */ = {isa = PBXFileReference; lastKnownFileType = sourcecode.swift; path = "UIViewController+TestHelpers.swift"; sourceTree = "<group>"; };
		F4E333742A9867200060451D /* FeedImageCell+TestHelpers.swift */ = {isa = PBXFileReference; lastKnownFileType = sourcecode.swift; path = "FeedImageCell+TestHelpers.swift"; sourceTree = "<group>"; };
		F4E333762A9867C20060451D /* FeedViewControllerTests+LoaderSpy.swift */ = {isa = PBXFileReference; lastKnownFileType = sourcecode.swift; path = "FeedViewControllerTests+LoaderSpy.swift"; sourceTree = "<group>"; };
		F4FC62A22A6269F600853612 /* URLSessionHTTPClientTests.swift */ = {isa = PBXFileReference; lastKnownFileType = sourcecode.swift; path = URLSessionHTTPClientTests.swift; sourceTree = "<group>"; };
		F4FD17A62A646E6100E0B37E /* XCTestCase+MemoryTracking.swift */ = {isa = PBXFileReference; lastKnownFileType = sourcecode.swift; path = "XCTestCase+MemoryTracking.swift"; sourceTree = "<group>"; };
/* End PBXFileReference section */

/* Begin PBXFrameworksBuildPhase section */
		F40D62612A8F5145009D2748 /* Frameworks */ = {
			isa = PBXFrameworksBuildPhase;
			buildActionMask = 2147483647;
			files = (
				F406B4932A91F6B100EFD3E9 /* EssentialFeedStudy.framework in Frameworks */,
			);
			runOnlyForDeploymentPostprocessing = 0;
		};
		F40D62682A8F5145009D2748 /* Frameworks */ = {
			isa = PBXFrameworksBuildPhase;
			buildActionMask = 2147483647;
			files = (
				F40D626C2A8F5145009D2748 /* EssentailFeediOS.framework in Frameworks */,
			);
			runOnlyForDeploymentPostprocessing = 0;
		};
		F434243C2A8A9BC900CE0ED1 /* Frameworks */ = {
			isa = PBXFrameworksBuildPhase;
			buildActionMask = 2147483647;
			files = (
				F43424432A8A9BC900CE0ED1 /* EssentialFeedStudy.framework in Frameworks */,
			);
			runOnlyForDeploymentPostprocessing = 0;
		};
		F47C3B562A5A9BD200B1F60E /* Frameworks */ = {
			isa = PBXFrameworksBuildPhase;
			buildActionMask = 2147483647;
			files = (
			);
			runOnlyForDeploymentPostprocessing = 0;
		};
		F47C3B5E2A5A9BD200B1F60E /* Frameworks */ = {
			isa = PBXFrameworksBuildPhase;
			buildActionMask = 2147483647;
			files = (
				F47C3B622A5A9BD200B1F60E /* EssentialFeedStudy.framework in Frameworks */,
			);
			runOnlyForDeploymentPostprocessing = 0;
		};
		F4D1F05C2A66D228002859B6 /* Frameworks */ = {
			isa = PBXFrameworksBuildPhase;
			buildActionMask = 2147483647;
			files = (
				F4D1F0632A66D228002859B6 /* EssentialFeedStudy.framework in Frameworks */,
			);
			runOnlyForDeploymentPostprocessing = 0;
		};
/* End PBXFrameworksBuildPhase section */

/* Begin PBXGroup section */
		F406B48D2A91F64C00EFD3E9 /* Frameworks */ = {
			isa = PBXGroup;
			children = (
			);
			name = Frameworks;
			sourceTree = "<group>";
		};
		F40D62652A8F5145009D2748 /* EssentailFeediOS */ = {
			isa = PBXGroup;
			children = (
				F4E3336F2A985CF60060451D /* Views */,
				F4E333702A985D000060451D /* Controllers */,
			);
			path = EssentailFeediOS;
			sourceTree = "<group>";
		};
		F40D626F2A8F5145009D2748 /* EssentailFeediOSTests */ = {
			isa = PBXGroup;
			children = (
				F4E333712A985D660060451D /* Controllers */,
				F4E333662A9849070060451D /* Helpers */,
			);
			path = EssentailFeediOSTests;
			sourceTree = "<group>";
		};
		F41EFE3C2A60F117001043EA /* Feed API */ = {
			isa = PBXGroup;
			children = (
				F47C3BA62A5AB5FF00B1F60E /* LoadFeedFromRemoteUseCaseTests.swift */,
				F4FC62A22A6269F600853612 /* URLSessionHTTPClientTests.swift */,
			);
			path = "Feed API";
			sourceTree = "<group>";
		};
		F434242A2A85DCCB00CE0ED1 /* FeedStoreSpecs */ = {
			isa = PBXGroup;
			children = (
				F43424202A85656800CE0ED1 /* FeedStoreSpecs.swift */,
				F43424222A8567AB00CE0ED1 /* XCTestCase+FeedStoreSpecs.swift */,
				F43424242A85D70C00CE0ED1 /* XCTestCase+FailableRetrieveFeedStoreSpecs.swift */,
				F43424262A85DA7600CE0ED1 /* XCTestCase+FailableInsertFeedStoreSpecs.swift */,
				F43424282A85DB8900CE0ED1 /* XCTestCase+FailableDeleteFeedStoreSpecs.swift */,
			);
			path = FeedStoreSpecs;
			sourceTree = "<group>";
		};
		F43424322A89D7EF00CE0ED1 /* Infrastructure */ = {
			isa = PBXGroup;
			children = (
				F43424332A89D7FD00CE0ED1 /* CoreData */,
			);
			path = Infrastructure;
			sourceTree = "<group>";
		};
		F43424332A89D7FD00CE0ED1 /* CoreData */ = {
			isa = PBXGroup;
			children = (
				F434242D2A85EC8900CE0ED1 /* CoreDataFeedStore.swift */,
				F43424352A89D95B00CE0ED1 /* CoreDataHelpers.swift */,
				F43424372A89DD2400CE0ED1 /* ManagedCache.swift */,
				F43424392A89DD7100CE0ED1 /* ManagedFeedImage.swift */,
				F434242F2A86098900CE0ED1 /* FeedStore.xcdatamodeld */,
			);
			path = CoreData;
			sourceTree = "<group>";
		};
		F43424402A8A9BC900CE0ED1 /* EssentialFeedCacheIntegrationTests */ = {
			isa = PBXGroup;
			children = (
				F43424412A8A9BC900CE0ED1 /* EssentialFeedCacheIntegrationTests.swift */,
			);
			path = EssentialFeedCacheIntegrationTests;
			sourceTree = "<group>";
		};
		F47C3B4F2A5A9BD200B1F60E = {
			isa = PBXGroup;
			children = (
				F4D1F06A2A68192F002859B6 /* CI_macOS.xctestplan */,
				F406B48C2A8F5D9C00EFD3E9 /* CI_iOS.xctestplan */,
				F4D1F05A2A66CF72002859B6 /* EssentialFeedStudy.xctestplan */,
				F4D1F06D2A686CB3002859B6 /* EssentialFeedStudyAPIEndToEndTests.xctestplan */,
				F47C3B5B2A5A9BD200B1F60E /* EssentialFeedStudy */,
				F47C3B652A5A9BD200B1F60E /* EssentialFeedStudyTests */,
				F4D1F0602A66D228002859B6 /* EssentialFeedStudyAPIEndToEndTests */,
				F43424402A8A9BC900CE0ED1 /* EssentialFeedCacheIntegrationTests */,
				F40D62652A8F5145009D2748 /* EssentailFeediOS */,
				F40D626F2A8F5145009D2748 /* EssentailFeediOSTests */,
				F47C3B5A2A5A9BD200B1F60E /* Products */,
				F406B48D2A91F64C00EFD3E9 /* Frameworks */,
			);
			sourceTree = "<group>";
		};
		F47C3B5A2A5A9BD200B1F60E /* Products */ = {
			isa = PBXGroup;
			children = (
				F47C3B592A5A9BD200B1F60E /* EssentialFeedStudy.framework */,
				F47C3B612A5A9BD200B1F60E /* EssentialFeedStudyTests.xctest */,
				F4D1F05F2A66D228002859B6 /* EssentialFeedStudyAPIEndToEndTests.xctest */,
				F434243F2A8A9BC900CE0ED1 /* EssentialFeedCacheIntegrationTests.xctest */,
				F40D62642A8F5145009D2748 /* EssentailFeediOS.framework */,
				F40D626B2A8F5145009D2748 /* EssentailFeediOSTests.xctest */,
			);
			name = Products;
			sourceTree = "<group>";
		};
		F47C3B5B2A5A9BD200B1F60E /* EssentialFeedStudy */ = {
			isa = PBXGroup;
			children = (
				F4BD36EA2A7501DF00AF925C /* Feed Cache */,
				F47C3BA52A5AB10F00B1F60E /* Feed Feature */,
				F47C3BA82A5B25C600B1F60E /* FeedAPI */,
			);
			path = EssentialFeedStudy;
			sourceTree = "<group>";
		};
		F47C3B652A5A9BD200B1F60E /* EssentialFeedStudyTests */ = {
			isa = PBXGroup;
			children = (
				F4FD17A52A646DED00E0B37E /* Helpers */,
				F498498D2A6EF21200C47CC2 /* Feed Cache */,
				F41EFE3C2A60F117001043EA /* Feed API */,
			);
			path = EssentialFeedStudyTests;
			sourceTree = "<group>";
		};
		F47C3BA52A5AB10F00B1F60E /* Feed Feature */ = {
			isa = PBXGroup;
			children = (
				F47C3BA12A5A9DD100B1F60E /* FeedImage.swift */,
				F47C3BA32A5AAFCE00B1F60E /* FeedLoader.swift */,
			);
			path = "Feed Feature";
			sourceTree = "<group>";
		};
		F47C3BA82A5B25C600B1F60E /* FeedAPI */ = {
			isa = PBXGroup;
			children = (
				F47C3BA92A5B25EE00B1F60E /* RemoteFeedLoader.swift */,
				F4B68B7D2A5E445A0069C8BE /* FeedItemsMapper.swift */,
				F4B68B7B2A5E40750069C8BE /* HTTPClient.swift */,
				F4B4C75D2A66C7D0001F8206 /* URLSessionHTTPClient.swift */,
				F4BD36EF2A77523000AF925C /* RemoteFeedItem.swift */,
			);
			path = FeedAPI;
			sourceTree = "<group>";
		};
		F498498D2A6EF21200C47CC2 /* Feed Cache */ = {
			isa = PBXGroup;
			children = (
				F4BD36F52A777C4C00AF925C /* Helpers */,
				F434242A2A85DCCB00CE0ED1 /* FeedStoreSpecs */,
				F498498E2A6EF26300C47CC2 /* CacheFeedUseCaseTests.swift */,
				F4BD36F32A776A9400AF925C /* LoadFeedFromCacheUseCaseTests.swift */,
				F437D0382A7E0AF0006356A2 /* ValidateFeedCacheUseCaseTests.swift */,
				F434242B2A85E95700CE0ED1 /* CoreDataFeedStoreTests.swift */,
			);
			path = "Feed Cache";
			sourceTree = "<group>";
		};
		F4BD36EA2A7501DF00AF925C /* Feed Cache */ = {
			isa = PBXGroup;
			children = (
				F43424322A89D7EF00CE0ED1 /* Infrastructure */,
				F4BD36EB2A7501FC00AF925C /* LocalFeedLoader.swift */,
				F4BD36ED2A75036600AF925C /* FeedStore.swift */,
				F4BD36F12A77532F00AF925C /* LocalFeedImage.swift */,
				F4A390702A7F50BE00812A71 /* FeedCachePolicy.swift */,
			);
			path = "Feed Cache";
			sourceTree = "<group>";
		};
		F4BD36F52A777C4C00AF925C /* Helpers */ = {
			isa = PBXGroup;
			children = (
				F4BD36F62A777C6200AF925C /* FeedStoreSpy.swift */,
				F48786462A7E399B00563AFC /* FeedCacheTestHelpers.swift */,
			);
			path = Helpers;
			sourceTree = "<group>";
		};
		F4D1F0602A66D228002859B6 /* EssentialFeedStudyAPIEndToEndTests */ = {
			isa = PBXGroup;
			children = (
				F4D1F0612A66D228002859B6 /* EssentialFeedStudyAPIEndToEndTests.swift */,
			);
			path = EssentialFeedStudyAPIEndToEndTests;
			sourceTree = "<group>";
		};
		F4E333662A9849070060451D /* Helpers */ = {
			isa = PBXGroup;
			children = (
				F4E333672A9849340060451D /* UIImage+TestHelpers.swift */,
				F4E333692A9856E40060451D /* UIRefreshControl+TestHelpers.swift */,
				F4E3336B2A985A050060451D /* UIButton+TestHelpers.swift */,
				F4E3336D2A985AB10060451D /* UIControl+TestHelpers.swift */,
				F4E333722A985E650060451D /* UIViewController+TestHelpers.swift */,
				F4E333742A9867200060451D /* FeedImageCell+TestHelpers.swift */,
				F4E333762A9867C20060451D /* FeedViewControllerTests+LoaderSpy.swift */,
			);
			path = Helpers;
			sourceTree = "<group>";
		};
		F4E3336F2A985CF60060451D /* Views */ = {
			isa = PBXGroup;
			children = (
				F406B49B2A9244A600EFD3E9 /* FeedImageCell.swift */,
				F406B49D2A93502000EFD3E9 /* UIView+Shimmering.swift */,
			);
			path = Views;
			sourceTree = "<group>";
		};
		F4E333702A985D000060451D /* Controllers */ = {
			isa = PBXGroup;
			children = (
				F406B4992A92308000EFD3E9 /* FeedViewController.swift */,
			);
			path = Controllers;
			sourceTree = "<group>";
		};
		F4E333712A985D660060451D /* Controllers */ = {
			isa = PBXGroup;
			children = (
				F4D0845E2A91C44A0038754C /* FeedViewControllerTests.swift */,
			);
			path = Controllers;
			sourceTree = "<group>";
		};
		F4FD17A52A646DED00E0B37E /* Helpers */ = {
			isa = PBXGroup;
			children = (
				F4FD17A62A646E6100E0B37E /* XCTestCase+MemoryTracking.swift */,
				F48786482A7E3B3000563AFC /* SharedTestHelpers.swift */,
			);
			path = Helpers;
			sourceTree = "<group>";
		};
/* End PBXGroup section */

/* Begin PBXHeadersBuildPhase section */
		F40D625F2A8F5145009D2748 /* Headers */ = {
			isa = PBXHeadersBuildPhase;
			buildActionMask = 2147483647;
			files = (
			);
			runOnlyForDeploymentPostprocessing = 0;
		};
		F47C3B542A5A9BD200B1F60E /* Headers */ = {
			isa = PBXHeadersBuildPhase;
			buildActionMask = 2147483647;
			files = (
			);
			runOnlyForDeploymentPostprocessing = 0;
		};
/* End PBXHeadersBuildPhase section */

/* Begin PBXNativeTarget section */
		F40D62632A8F5145009D2748 /* EssentailFeediOS */ = {
			isa = PBXNativeTarget;
			buildConfigurationList = F40D62732A8F5145009D2748 /* Build configuration list for PBXNativeTarget "EssentailFeediOS" */;
			buildPhases = (
				F40D625F2A8F5145009D2748 /* Headers */,
				F40D62602A8F5145009D2748 /* Sources */,
				F40D62612A8F5145009D2748 /* Frameworks */,
				F40D62622A8F5145009D2748 /* Resources */,
			);
			buildRules = (
			);
			dependencies = (
				F406B4962A91F6B100EFD3E9 /* PBXTargetDependency */,
			);
			name = EssentailFeediOS;
			productName = EssentailFeediOS;
			productReference = F40D62642A8F5145009D2748 /* EssentailFeediOS.framework */;
			productType = "com.apple.product-type.framework";
		};
		F40D626A2A8F5145009D2748 /* EssentailFeediOSTests */ = {
			isa = PBXNativeTarget;
			buildConfigurationList = F40D62762A8F5145009D2748 /* Build configuration list for PBXNativeTarget "EssentailFeediOSTests" */;
			buildPhases = (
				F40D62672A8F5145009D2748 /* Sources */,
				F40D62682A8F5145009D2748 /* Frameworks */,
				F40D62692A8F5145009D2748 /* Resources */,
			);
			buildRules = (
			);
			dependencies = (
				F40D626E2A8F5145009D2748 /* PBXTargetDependency */,
			);
			name = EssentailFeediOSTests;
			productName = EssentailFeediOSTests;
			productReference = F40D626B2A8F5145009D2748 /* EssentailFeediOSTests.xctest */;
			productType = "com.apple.product-type.bundle.unit-test";
		};
		F434243E2A8A9BC900CE0ED1 /* EssentialFeedCacheIntegrationTests */ = {
			isa = PBXNativeTarget;
			buildConfigurationList = F43424482A8A9BC900CE0ED1 /* Build configuration list for PBXNativeTarget "EssentialFeedCacheIntegrationTests" */;
			buildPhases = (
				F434243B2A8A9BC900CE0ED1 /* Sources */,
				F434243C2A8A9BC900CE0ED1 /* Frameworks */,
				F434243D2A8A9BC900CE0ED1 /* Resources */,
			);
			buildRules = (
			);
			dependencies = (
				F43424452A8A9BC900CE0ED1 /* PBXTargetDependency */,
			);
			name = EssentialFeedCacheIntegrationTests;
			productName = EssentialFeedCacheIntegrationTests;
			productReference = F434243F2A8A9BC900CE0ED1 /* EssentialFeedCacheIntegrationTests.xctest */;
			productType = "com.apple.product-type.bundle.unit-test";
		};
		F47C3B582A5A9BD200B1F60E /* EssentialFeedStudy */ = {
			isa = PBXNativeTarget;
			buildConfigurationList = F47C3B6B2A5A9BD200B1F60E /* Build configuration list for PBXNativeTarget "EssentialFeedStudy" */;
			buildPhases = (
				F47C3B542A5A9BD200B1F60E /* Headers */,
				F47C3B552A5A9BD200B1F60E /* Sources */,
				F47C3B562A5A9BD200B1F60E /* Frameworks */,
				F47C3B572A5A9BD200B1F60E /* Resources */,
			);
			buildRules = (
			);
			dependencies = (
			);
			name = EssentialFeedStudy;
			productName = EssentialFeedStudy;
			productReference = F47C3B592A5A9BD200B1F60E /* EssentialFeedStudy.framework */;
			productType = "com.apple.product-type.framework";
		};
		F47C3B602A5A9BD200B1F60E /* EssentialFeedStudyTests */ = {
			isa = PBXNativeTarget;
			buildConfigurationList = F47C3B6E2A5A9BD200B1F60E /* Build configuration list for PBXNativeTarget "EssentialFeedStudyTests" */;
			buildPhases = (
				F47C3B5D2A5A9BD200B1F60E /* Sources */,
				F47C3B5E2A5A9BD200B1F60E /* Frameworks */,
				F47C3B5F2A5A9BD200B1F60E /* Resources */,
			);
			buildRules = (
			);
			dependencies = (
				F47C3B642A5A9BD200B1F60E /* PBXTargetDependency */,
			);
			name = EssentialFeedStudyTests;
			productName = EssentialFeedStudyTests;
			productReference = F47C3B612A5A9BD200B1F60E /* EssentialFeedStudyTests.xctest */;
			productType = "com.apple.product-type.bundle.unit-test";
		};
		F4D1F05E2A66D228002859B6 /* EssentialFeedStudyAPIEndToEndTests */ = {
			isa = PBXNativeTarget;
			buildConfigurationList = F4D1F0662A66D228002859B6 /* Build configuration list for PBXNativeTarget "EssentialFeedStudyAPIEndToEndTests" */;
			buildPhases = (
				F4D1F05B2A66D228002859B6 /* Sources */,
				F4D1F05C2A66D228002859B6 /* Frameworks */,
				F4D1F05D2A66D228002859B6 /* Resources */,
			);
			buildRules = (
			);
			dependencies = (
				F4D1F0652A66D228002859B6 /* PBXTargetDependency */,
			);
			name = EssentialFeedStudyAPIEndToEndTests;
			productName = EssentialFeedStudyAPIEndToEndTests;
			productReference = F4D1F05F2A66D228002859B6 /* EssentialFeedStudyAPIEndToEndTests.xctest */;
			productType = "com.apple.product-type.bundle.unit-test";
		};
/* End PBXNativeTarget section */

/* Begin PBXProject section */
		F47C3B502A5A9BD200B1F60E /* Project object */ = {
			isa = PBXProject;
			attributes = {
				BuildIndependentTargetsInParallel = 1;
				LastSwiftUpdateCheck = 1430;
				LastUpgradeCheck = 1430;
				TargetAttributes = {
					F40D62632A8F5145009D2748 = {
						CreatedOnToolsVersion = 14.3.1;
						LastSwiftMigration = 1420;
					};
					F40D626A2A8F5145009D2748 = {
						CreatedOnToolsVersion = 14.3.1;
						LastSwiftMigration = 1430;
					};
					F434243E2A8A9BC900CE0ED1 = {
						CreatedOnToolsVersion = 14.2;
					};
					F47C3B582A5A9BD200B1F60E = {
						CreatedOnToolsVersion = 14.3.1;
						LastSwiftMigration = 1430;
					};
					F47C3B602A5A9BD200B1F60E = {
						CreatedOnToolsVersion = 14.3.1;
					};
					F4D1F05E2A66D228002859B6 = {
						CreatedOnToolsVersion = 14.3.1;
					};
				};
			};
			buildConfigurationList = F47C3B532A5A9BD200B1F60E /* Build configuration list for PBXProject "EssentialFeedStudy" */;
			compatibilityVersion = "Xcode 14.0";
			developmentRegion = en;
			hasScannedForEncodings = 0;
			knownRegions = (
				en,
				Base,
			);
			mainGroup = F47C3B4F2A5A9BD200B1F60E;
			productRefGroup = F47C3B5A2A5A9BD200B1F60E /* Products */;
			projectDirPath = "";
			projectRoot = "";
			targets = (
				F47C3B582A5A9BD200B1F60E /* EssentialFeedStudy */,
				F47C3B602A5A9BD200B1F60E /* EssentialFeedStudyTests */,
				F4D1F05E2A66D228002859B6 /* EssentialFeedStudyAPIEndToEndTests */,
				F434243E2A8A9BC900CE0ED1 /* EssentialFeedCacheIntegrationTests */,
				F40D62632A8F5145009D2748 /* EssentailFeediOS */,
				F40D626A2A8F5145009D2748 /* EssentailFeediOSTests */,
			);
		};
/* End PBXProject section */

/* Begin PBXResourcesBuildPhase section */
		F40D62622A8F5145009D2748 /* Resources */ = {
			isa = PBXResourcesBuildPhase;
			buildActionMask = 2147483647;
			files = (
			);
			runOnlyForDeploymentPostprocessing = 0;
		};
		F40D62692A8F5145009D2748 /* Resources */ = {
			isa = PBXResourcesBuildPhase;
			buildActionMask = 2147483647;
			files = (
			);
			runOnlyForDeploymentPostprocessing = 0;
		};
		F434243D2A8A9BC900CE0ED1 /* Resources */ = {
			isa = PBXResourcesBuildPhase;
			buildActionMask = 2147483647;
			files = (
			);
			runOnlyForDeploymentPostprocessing = 0;
		};
		F47C3B572A5A9BD200B1F60E /* Resources */ = {
			isa = PBXResourcesBuildPhase;
			buildActionMask = 2147483647;
			files = (
			);
			runOnlyForDeploymentPostprocessing = 0;
		};
		F47C3B5F2A5A9BD200B1F60E /* Resources */ = {
			isa = PBXResourcesBuildPhase;
			buildActionMask = 2147483647;
			files = (
			);
			runOnlyForDeploymentPostprocessing = 0;
		};
		F4D1F05D2A66D228002859B6 /* Resources */ = {
			isa = PBXResourcesBuildPhase;
			buildActionMask = 2147483647;
			files = (
			);
			runOnlyForDeploymentPostprocessing = 0;
		};
/* End PBXResourcesBuildPhase section */

/* Begin PBXSourcesBuildPhase section */
		F40D62602A8F5145009D2748 /* Sources */ = {
			isa = PBXSourcesBuildPhase;
			buildActionMask = 2147483647;
			files = (
				F406B49E2A93502000EFD3E9 /* UIView+Shimmering.swift in Sources */,
				F406B49A2A92308000EFD3E9 /* FeedViewController.swift in Sources */,
				F406B49C2A9244A600EFD3E9 /* FeedImageCell.swift in Sources */,
			);
			runOnlyForDeploymentPostprocessing = 0;
		};
		F40D62672A8F5145009D2748 /* Sources */ = {
			isa = PBXSourcesBuildPhase;
			buildActionMask = 2147483647;
			files = (
				F4E333732A985E650060451D /* UIViewController+TestHelpers.swift in Sources */,
				F406B4982A91FBF200EFD3E9 /* XCTestCase+MemoryTracking.swift in Sources */,
				F4E3336C2A985A050060451D /* UIButton+TestHelpers.swift in Sources */,
				F4D0845F2A91C44A0038754C /* FeedViewControllerTests.swift in Sources */,
				F4E333772A9867C20060451D /* FeedViewControllerTests+LoaderSpy.swift in Sources */,
				F4E3336E2A985AB10060451D /* UIControl+TestHelpers.swift in Sources */,
				F4E333682A9849340060451D /* UIImage+TestHelpers.swift in Sources */,
				F4E3336A2A9856E40060451D /* UIRefreshControl+TestHelpers.swift in Sources */,
				F4E333752A9867200060451D /* FeedImageCell+TestHelpers.swift in Sources */,
			);
			runOnlyForDeploymentPostprocessing = 0;
		};
		F434243B2A8A9BC900CE0ED1 /* Sources */ = {
			isa = PBXSourcesBuildPhase;
			buildActionMask = 2147483647;
			files = (
				F434244C2A8D384100CE0ED1 /* SharedTestHelpers.swift in Sources */,
				F40D621D2A8CE650009D2748 /* XCTestCase+MemoryTracking.swift in Sources */,
				F434244B2A8D35B000CE0ED1 /* FeedCacheTestHelpers.swift in Sources */,
				F43424422A8A9BC900CE0ED1 /* EssentialFeedCacheIntegrationTests.swift in Sources */,
			);
			runOnlyForDeploymentPostprocessing = 0;
		};
		F47C3B552A5A9BD200B1F60E /* Sources */ = {
			isa = PBXSourcesBuildPhase;
			buildActionMask = 2147483647;
			files = (
				F43424362A89D95B00CE0ED1 /* CoreDataHelpers.swift in Sources */,
				F4B68B7E2A5E445A0069C8BE /* FeedItemsMapper.swift in Sources */,
				F47C3BA42A5AAFCF00B1F60E /* FeedLoader.swift in Sources */,
				F4BD36F02A77523000AF925C /* RemoteFeedItem.swift in Sources */,
				F4A390712A7F50BE00812A71 /* FeedCachePolicy.swift in Sources */,
				F47C3BAA2A5B25EE00B1F60E /* RemoteFeedLoader.swift in Sources */,
				F43424312A86098900CE0ED1 /* FeedStore.xcdatamodeld in Sources */,
				F4BD36F22A77532F00AF925C /* LocalFeedImage.swift in Sources */,
				F4BD36EE2A75036600AF925C /* FeedStore.swift in Sources */,
				F4BD36EC2A7501FC00AF925C /* LocalFeedLoader.swift in Sources */,
				F4B68B7C2A5E40750069C8BE /* HTTPClient.swift in Sources */,
				F47C3BA22A5A9DD100B1F60E /* FeedImage.swift in Sources */,
				F4B4C75E2A66C7D0001F8206 /* URLSessionHTTPClient.swift in Sources */,
				F43424382A89DD2400CE0ED1 /* ManagedCache.swift in Sources */,
				F434242E2A85EC8900CE0ED1 /* CoreDataFeedStore.swift in Sources */,
				F434243A2A89DD7100CE0ED1 /* ManagedFeedImage.swift in Sources */,
			);
			runOnlyForDeploymentPostprocessing = 0;
		};
		F47C3B5D2A5A9BD200B1F60E /* Sources */ = {
			isa = PBXSourcesBuildPhase;
			buildActionMask = 2147483647;
			files = (
				F48786472A7E399B00563AFC /* FeedCacheTestHelpers.swift in Sources */,
				F437D0392A7E0AF0006356A2 /* ValidateFeedCacheUseCaseTests.swift in Sources */,
				F47C3BA72A5AB5FF00B1F60E /* LoadFeedFromRemoteUseCaseTests.swift in Sources */,
				F43424272A85DA7600CE0ED1 /* XCTestCase+FailableInsertFeedStoreSpecs.swift in Sources */,
				F4FD17A72A646E6100E0B37E /* XCTestCase+MemoryTracking.swift in Sources */,
				F4BD36F72A777C6200AF925C /* FeedStoreSpy.swift in Sources */,
				F48786492A7E3B3000563AFC /* SharedTestHelpers.swift in Sources */,
				F498498F2A6EF26300C47CC2 /* CacheFeedUseCaseTests.swift in Sources */,
				F43424292A85DB8900CE0ED1 /* XCTestCase+FailableDeleteFeedStoreSpecs.swift in Sources */,
				F43424252A85D70C00CE0ED1 /* XCTestCase+FailableRetrieveFeedStoreSpecs.swift in Sources */,
				F4BD36F42A776A9400AF925C /* LoadFeedFromCacheUseCaseTests.swift in Sources */,
				F43424212A85656800CE0ED1 /* FeedStoreSpecs.swift in Sources */,
				F4FC62A32A6269F600853612 /* URLSessionHTTPClientTests.swift in Sources */,
				F434242C2A85E95700CE0ED1 /* CoreDataFeedStoreTests.swift in Sources */,
				F43424232A8567AB00CE0ED1 /* XCTestCase+FeedStoreSpecs.swift in Sources */,
			);
			runOnlyForDeploymentPostprocessing = 0;
		};
		F4D1F05B2A66D228002859B6 /* Sources */ = {
			isa = PBXSourcesBuildPhase;
			buildActionMask = 2147483647;
			files = (
				F4D1F0692A681696002859B6 /* XCTestCase+MemoryTracking.swift in Sources */,
				F4D1F0622A66D228002859B6 /* EssentialFeedStudyAPIEndToEndTests.swift in Sources */,
			);
			runOnlyForDeploymentPostprocessing = 0;
		};
/* End PBXSourcesBuildPhase section */

/* Begin PBXTargetDependency section */
		F406B4962A91F6B100EFD3E9 /* PBXTargetDependency */ = {
			isa = PBXTargetDependency;
			platformFilter = ios;
			target = F47C3B582A5A9BD200B1F60E /* EssentialFeedStudy */;
			targetProxy = F406B4952A91F6B100EFD3E9 /* PBXContainerItemProxy */;
		};
		F40D626E2A8F5145009D2748 /* PBXTargetDependency */ = {
			isa = PBXTargetDependency;
			target = F40D62632A8F5145009D2748 /* EssentailFeediOS */;
			targetProxy = F40D626D2A8F5145009D2748 /* PBXContainerItemProxy */;
		};
		F43424452A8A9BC900CE0ED1 /* PBXTargetDependency */ = {
			isa = PBXTargetDependency;
			target = F47C3B582A5A9BD200B1F60E /* EssentialFeedStudy */;
			targetProxy = F43424442A8A9BC900CE0ED1 /* PBXContainerItemProxy */;
		};
		F47C3B642A5A9BD200B1F60E /* PBXTargetDependency */ = {
			isa = PBXTargetDependency;
			target = F47C3B582A5A9BD200B1F60E /* EssentialFeedStudy */;
			targetProxy = F47C3B632A5A9BD200B1F60E /* PBXContainerItemProxy */;
		};
		F4D1F0652A66D228002859B6 /* PBXTargetDependency */ = {
			isa = PBXTargetDependency;
			target = F47C3B582A5A9BD200B1F60E /* EssentialFeedStudy */;
			targetProxy = F4D1F0642A66D228002859B6 /* PBXContainerItemProxy */;
		};
/* End PBXTargetDependency section */

/* Begin XCBuildConfiguration section */
		F40D62742A8F5145009D2748 /* Debug */ = {
			isa = XCBuildConfiguration;
			buildSettings = {
				CLANG_ENABLE_MODULES = YES;
				CODE_SIGN_IDENTITY = "";
				CODE_SIGN_STYLE = Automatic;
				CURRENT_PROJECT_VERSION = 1;
				DEFINES_MODULE = YES;
				DEVELOPMENT_TEAM = HA9F856YHB;
				DYLIB_COMPATIBILITY_VERSION = 1;
				DYLIB_CURRENT_VERSION = 1;
				DYLIB_INSTALL_NAME_BASE = "@rpath";
				ENABLE_MODULE_VERIFIER = YES;
				GENERATE_INFOPLIST_FILE = YES;
				INFOPLIST_KEY_NSHumanReadableCopyright = "";
				INSTALL_PATH = "$(LOCAL_LIBRARY_DIR)/Frameworks";
				IPHONEOS_DEPLOYMENT_TARGET = 16.2;
				LD_RUNPATH_SEARCH_PATHS = (
					"$(inherited)",
					"@executable_path/Frameworks",
					"@loader_path/Frameworks",
				);
				MARKETING_VERSION = 1.0;
				MODULE_VERIFIER_SUPPORTED_LANGUAGES = "objective-c objective-c++";
				MODULE_VERIFIER_SUPPORTED_LANGUAGE_STANDARDS = "gnu11 gnu++20";
				PRODUCT_BUNDLE_IDENTIFIER = "com.wei-tusng.EssentailFeediOS";
				PRODUCT_NAME = "$(TARGET_NAME:c99extidentifier)";
				SDKROOT = iphoneos;
				SKIP_INSTALL = YES;
				SWIFT_EMIT_LOC_STRINGS = YES;
				SWIFT_OPTIMIZATION_LEVEL = "-Onone";
				SWIFT_VERSION = 5.0;
				TARGETED_DEVICE_FAMILY = "1,2";
			};
			name = Debug;
		};
		F40D62752A8F5145009D2748 /* Release */ = {
			isa = XCBuildConfiguration;
			buildSettings = {
				CLANG_ENABLE_MODULES = YES;
				CODE_SIGN_IDENTITY = "";
				CODE_SIGN_STYLE = Automatic;
				CURRENT_PROJECT_VERSION = 1;
				DEFINES_MODULE = YES;
				DEVELOPMENT_TEAM = HA9F856YHB;
				DYLIB_COMPATIBILITY_VERSION = 1;
				DYLIB_CURRENT_VERSION = 1;
				DYLIB_INSTALL_NAME_BASE = "@rpath";
				ENABLE_MODULE_VERIFIER = YES;
				GENERATE_INFOPLIST_FILE = YES;
				INFOPLIST_KEY_NSHumanReadableCopyright = "";
				INSTALL_PATH = "$(LOCAL_LIBRARY_DIR)/Frameworks";
				IPHONEOS_DEPLOYMENT_TARGET = 16.2;
				LD_RUNPATH_SEARCH_PATHS = (
					"$(inherited)",
					"@executable_path/Frameworks",
					"@loader_path/Frameworks",
				);
				MARKETING_VERSION = 1.0;
				MODULE_VERIFIER_SUPPORTED_LANGUAGES = "objective-c objective-c++";
				MODULE_VERIFIER_SUPPORTED_LANGUAGE_STANDARDS = "gnu11 gnu++20";
				PRODUCT_BUNDLE_IDENTIFIER = "com.wei-tusng.EssentailFeediOS";
				PRODUCT_NAME = "$(TARGET_NAME:c99extidentifier)";
				SDKROOT = iphoneos;
				SKIP_INSTALL = YES;
				SWIFT_EMIT_LOC_STRINGS = YES;
				SWIFT_VERSION = 5.0;
				TARGETED_DEVICE_FAMILY = "1,2";
				VALIDATE_PRODUCT = YES;
			};
			name = Release;
		};
		F40D62772A8F5145009D2748 /* Debug */ = {
			isa = XCBuildConfiguration;
			buildSettings = {
				ALWAYS_EMBED_SWIFT_STANDARD_LIBRARIES = YES;
				CLANG_ENABLE_MODULES = YES;
				CODE_SIGN_STYLE = Automatic;
				CURRENT_PROJECT_VERSION = 1;
				DEVELOPMENT_TEAM = HA9F856YHB;
				GENERATE_INFOPLIST_FILE = YES;
				IPHONEOS_DEPLOYMENT_TARGET = 16.2;
				MARKETING_VERSION = 1.0;
				PRODUCT_BUNDLE_IDENTIFIER = "com.wei-tusng.EssentailFeediOSTests";
				PRODUCT_NAME = "$(TARGET_NAME)";
				SDKROOT = iphoneos;
				SWIFT_EMIT_LOC_STRINGS = NO;
				SWIFT_OPTIMIZATION_LEVEL = "-Onone";
				SWIFT_VERSION = 5.0;
				TARGETED_DEVICE_FAMILY = "1,2";
			};
			name = Debug;
		};
		F40D62782A8F5145009D2748 /* Release */ = {
			isa = XCBuildConfiguration;
			buildSettings = {
				ALWAYS_EMBED_SWIFT_STANDARD_LIBRARIES = YES;
				CLANG_ENABLE_MODULES = YES;
				CODE_SIGN_STYLE = Automatic;
				CURRENT_PROJECT_VERSION = 1;
				DEVELOPMENT_TEAM = HA9F856YHB;
				GENERATE_INFOPLIST_FILE = YES;
				IPHONEOS_DEPLOYMENT_TARGET = 16.2;
				MARKETING_VERSION = 1.0;
				PRODUCT_BUNDLE_IDENTIFIER = "com.wei-tusng.EssentailFeediOSTests";
				PRODUCT_NAME = "$(TARGET_NAME)";
				SDKROOT = iphoneos;
				SWIFT_EMIT_LOC_STRINGS = NO;
				SWIFT_VERSION = 5.0;
				TARGETED_DEVICE_FAMILY = "1,2";
				VALIDATE_PRODUCT = YES;
			};
			name = Release;
		};
		F43424462A8A9BC900CE0ED1 /* Debug */ = {
			isa = XCBuildConfiguration;
			buildSettings = {
				CODE_SIGN_STYLE = Automatic;
				CURRENT_PROJECT_VERSION = 1;
				DEAD_CODE_STRIPPING = YES;
				DEVELOPMENT_TEAM = HA9F856YHB;
				GENERATE_INFOPLIST_FILE = YES;
				MACOSX_DEPLOYMENT_TARGET = 13.1;
				MARKETING_VERSION = 1.0;
				PRODUCT_BUNDLE_IDENTIFIER = "com.wei-tusng.EssentialFeedCacheIntegrationTests";
				PRODUCT_NAME = "$(TARGET_NAME)";
				SUPPORTED_PLATFORMS = "macosx iphoneos iphonesimulator";
				SWIFT_EMIT_LOC_STRINGS = NO;
				SWIFT_VERSION = 5.0;
			};
			name = Debug;
		};
		F43424472A8A9BC900CE0ED1 /* Release */ = {
			isa = XCBuildConfiguration;
			buildSettings = {
				CODE_SIGN_STYLE = Automatic;
				CURRENT_PROJECT_VERSION = 1;
				DEAD_CODE_STRIPPING = YES;
				DEVELOPMENT_TEAM = HA9F856YHB;
				GENERATE_INFOPLIST_FILE = YES;
				MACOSX_DEPLOYMENT_TARGET = 13.1;
				MARKETING_VERSION = 1.0;
				PRODUCT_BUNDLE_IDENTIFIER = "com.wei-tusng.EssentialFeedCacheIntegrationTests";
				PRODUCT_NAME = "$(TARGET_NAME)";
				SUPPORTED_PLATFORMS = "macosx iphoneos iphonesimulator";
				SWIFT_EMIT_LOC_STRINGS = NO;
				SWIFT_VERSION = 5.0;
			};
			name = Release;
		};
		F47C3B692A5A9BD200B1F60E /* Debug */ = {
			isa = XCBuildConfiguration;
			buildSettings = {
				ALWAYS_SEARCH_USER_PATHS = NO;
				CLANG_ANALYZER_NONNULL = YES;
				CLANG_ANALYZER_NUMBER_OBJECT_CONVERSION = YES_AGGRESSIVE;
				CLANG_CXX_LANGUAGE_STANDARD = "gnu++20";
				CLANG_ENABLE_MODULES = YES;
				CLANG_ENABLE_OBJC_ARC = YES;
				CLANG_ENABLE_OBJC_WEAK = YES;
				CLANG_WARN_BLOCK_CAPTURE_AUTORELEASING = YES;
				CLANG_WARN_BOOL_CONVERSION = YES;
				CLANG_WARN_COMMA = YES;
				CLANG_WARN_CONSTANT_CONVERSION = YES;
				CLANG_WARN_DEPRECATED_OBJC_IMPLEMENTATIONS = YES;
				CLANG_WARN_DIRECT_OBJC_ISA_USAGE = YES_ERROR;
				CLANG_WARN_DOCUMENTATION_COMMENTS = YES;
				CLANG_WARN_EMPTY_BODY = YES;
				CLANG_WARN_ENUM_CONVERSION = YES;
				CLANG_WARN_INFINITE_RECURSION = YES;
				CLANG_WARN_INT_CONVERSION = YES;
				CLANG_WARN_NON_LITERAL_NULL_CONVERSION = YES;
				CLANG_WARN_OBJC_IMPLICIT_RETAIN_SELF = YES;
				CLANG_WARN_OBJC_LITERAL_CONVERSION = YES;
				CLANG_WARN_OBJC_ROOT_CLASS = YES_ERROR;
				CLANG_WARN_QUOTED_INCLUDE_IN_FRAMEWORK_HEADER = YES;
				CLANG_WARN_RANGE_LOOP_ANALYSIS = YES;
				CLANG_WARN_STRICT_PROTOTYPES = YES;
				CLANG_WARN_SUSPICIOUS_MOVE = YES;
				CLANG_WARN_UNGUARDED_AVAILABILITY = YES_AGGRESSIVE;
				CLANG_WARN_UNREACHABLE_CODE = YES;
				CLANG_WARN__DUPLICATE_METHOD_MATCH = YES;
				COPY_PHASE_STRIP = NO;
				CURRENT_PROJECT_VERSION = 1;
				DEAD_CODE_STRIPPING = YES;
				DEBUG_INFORMATION_FORMAT = dwarf;
				ENABLE_STRICT_OBJC_MSGSEND = YES;
				ENABLE_TESTABILITY = YES;
				GCC_C_LANGUAGE_STANDARD = gnu11;
				GCC_DYNAMIC_NO_PIC = NO;
				GCC_NO_COMMON_BLOCKS = YES;
				GCC_OPTIMIZATION_LEVEL = 0;
				GCC_PREPROCESSOR_DEFINITIONS = (
					"DEBUG=1",
					"$(inherited)",
				);
				GCC_WARN_64_TO_32_BIT_CONVERSION = YES;
				GCC_WARN_ABOUT_RETURN_TYPE = YES_ERROR;
				GCC_WARN_UNDECLARED_SELECTOR = YES;
				GCC_WARN_UNINITIALIZED_AUTOS = YES_AGGRESSIVE;
				GCC_WARN_UNUSED_FUNCTION = YES;
				GCC_WARN_UNUSED_VARIABLE = YES;
				MACOSX_DEPLOYMENT_TARGET = 12.4;
				MTL_ENABLE_DEBUG_INFO = INCLUDE_SOURCE;
				MTL_FAST_MATH = YES;
				ONLY_ACTIVE_ARCH = YES;
				SDKROOT = macosx;
				SWIFT_ACTIVE_COMPILATION_CONDITIONS = DEBUG;
				SWIFT_OPTIMIZATION_LEVEL = "-Onone";
				VERSIONING_SYSTEM = "apple-generic";
				VERSION_INFO_PREFIX = "";
			};
			name = Debug;
		};
		F47C3B6A2A5A9BD200B1F60E /* Release */ = {
			isa = XCBuildConfiguration;
			buildSettings = {
				ALWAYS_SEARCH_USER_PATHS = NO;
				CLANG_ANALYZER_NONNULL = YES;
				CLANG_ANALYZER_NUMBER_OBJECT_CONVERSION = YES_AGGRESSIVE;
				CLANG_CXX_LANGUAGE_STANDARD = "gnu++20";
				CLANG_ENABLE_MODULES = YES;
				CLANG_ENABLE_OBJC_ARC = YES;
				CLANG_ENABLE_OBJC_WEAK = YES;
				CLANG_WARN_BLOCK_CAPTURE_AUTORELEASING = YES;
				CLANG_WARN_BOOL_CONVERSION = YES;
				CLANG_WARN_COMMA = YES;
				CLANG_WARN_CONSTANT_CONVERSION = YES;
				CLANG_WARN_DEPRECATED_OBJC_IMPLEMENTATIONS = YES;
				CLANG_WARN_DIRECT_OBJC_ISA_USAGE = YES_ERROR;
				CLANG_WARN_DOCUMENTATION_COMMENTS = YES;
				CLANG_WARN_EMPTY_BODY = YES;
				CLANG_WARN_ENUM_CONVERSION = YES;
				CLANG_WARN_INFINITE_RECURSION = YES;
				CLANG_WARN_INT_CONVERSION = YES;
				CLANG_WARN_NON_LITERAL_NULL_CONVERSION = YES;
				CLANG_WARN_OBJC_IMPLICIT_RETAIN_SELF = YES;
				CLANG_WARN_OBJC_LITERAL_CONVERSION = YES;
				CLANG_WARN_OBJC_ROOT_CLASS = YES_ERROR;
				CLANG_WARN_QUOTED_INCLUDE_IN_FRAMEWORK_HEADER = YES;
				CLANG_WARN_RANGE_LOOP_ANALYSIS = YES;
				CLANG_WARN_STRICT_PROTOTYPES = YES;
				CLANG_WARN_SUSPICIOUS_MOVE = YES;
				CLANG_WARN_UNGUARDED_AVAILABILITY = YES_AGGRESSIVE;
				CLANG_WARN_UNREACHABLE_CODE = YES;
				CLANG_WARN__DUPLICATE_METHOD_MATCH = YES;
				COPY_PHASE_STRIP = NO;
				CURRENT_PROJECT_VERSION = 1;
				DEAD_CODE_STRIPPING = YES;
				DEBUG_INFORMATION_FORMAT = "dwarf-with-dsym";
				ENABLE_NS_ASSERTIONS = NO;
				ENABLE_STRICT_OBJC_MSGSEND = YES;
				GCC_C_LANGUAGE_STANDARD = gnu11;
				GCC_NO_COMMON_BLOCKS = YES;
				GCC_WARN_64_TO_32_BIT_CONVERSION = YES;
				GCC_WARN_ABOUT_RETURN_TYPE = YES_ERROR;
				GCC_WARN_UNDECLARED_SELECTOR = YES;
				GCC_WARN_UNINITIALIZED_AUTOS = YES_AGGRESSIVE;
				GCC_WARN_UNUSED_FUNCTION = YES;
				GCC_WARN_UNUSED_VARIABLE = YES;
				MACOSX_DEPLOYMENT_TARGET = 12.4;
				MTL_ENABLE_DEBUG_INFO = NO;
				MTL_FAST_MATH = YES;
				SDKROOT = macosx;
				SWIFT_COMPILATION_MODE = wholemodule;
				SWIFT_OPTIMIZATION_LEVEL = "-O";
				VERSIONING_SYSTEM = "apple-generic";
				VERSION_INFO_PREFIX = "";
			};
			name = Release;
		};
		F47C3B6C2A5A9BD200B1F60E /* Debug */ = {
			isa = XCBuildConfiguration;
			buildSettings = {
				CLANG_ENABLE_MODULES = YES;
				CODE_SIGN_IDENTITY = "";
				CODE_SIGN_STYLE = Automatic;
				COMBINE_HIDPI_IMAGES = YES;
				CURRENT_PROJECT_VERSION = 1;
				DEAD_CODE_STRIPPING = YES;
				DEFINES_MODULE = YES;
				DEVELOPMENT_TEAM = HA9F856YHB;
				DYLIB_COMPATIBILITY_VERSION = 1;
				DYLIB_CURRENT_VERSION = 1;
				DYLIB_INSTALL_NAME_BASE = "@rpath";
				ENABLE_MODULE_VERIFIER = YES;
				GENERATE_INFOPLIST_FILE = YES;
				INFOPLIST_KEY_NSHumanReadableCopyright = "";
				INSTALL_PATH = "$(LOCAL_LIBRARY_DIR)/Frameworks";
				LD_RUNPATH_SEARCH_PATHS = (
					"$(inherited)",
					"@executable_path/../Frameworks",
					"@loader_path/Frameworks",
				);
				MACOSX_DEPLOYMENT_TARGET = 12.6;
				MARKETING_VERSION = 1.0;
				MODULE_VERIFIER_SUPPORTED_LANGUAGES = "objective-c objective-c++";
				MODULE_VERIFIER_SUPPORTED_LANGUAGE_STANDARDS = "gnu11 gnu++20";
				PRODUCT_BUNDLE_IDENTIFIER = "com.wei-tusng.EssentialFeedStudy";
				PRODUCT_NAME = "$(TARGET_NAME:c99extidentifier)";
				SKIP_INSTALL = YES;
				SUPPORTED_PLATFORMS = "macosx iphoneos iphonesimulator";
				SWIFT_EMIT_LOC_STRINGS = YES;
				SWIFT_OPTIMIZATION_LEVEL = "-Onone";
				SWIFT_VERSION = 5.0;
			};
			name = Debug;
		};
		F47C3B6D2A5A9BD200B1F60E /* Release */ = {
			isa = XCBuildConfiguration;
			buildSettings = {
				CLANG_ENABLE_MODULES = YES;
				CODE_SIGN_IDENTITY = "";
				CODE_SIGN_STYLE = Automatic;
				COMBINE_HIDPI_IMAGES = YES;
				CURRENT_PROJECT_VERSION = 1;
				DEAD_CODE_STRIPPING = YES;
				DEFINES_MODULE = YES;
				DEVELOPMENT_TEAM = HA9F856YHB;
				DYLIB_COMPATIBILITY_VERSION = 1;
				DYLIB_CURRENT_VERSION = 1;
				DYLIB_INSTALL_NAME_BASE = "@rpath";
				ENABLE_MODULE_VERIFIER = YES;
				GENERATE_INFOPLIST_FILE = YES;
				INFOPLIST_KEY_NSHumanReadableCopyright = "";
				INSTALL_PATH = "$(LOCAL_LIBRARY_DIR)/Frameworks";
				LD_RUNPATH_SEARCH_PATHS = (
					"$(inherited)",
					"@executable_path/../Frameworks",
					"@loader_path/Frameworks",
				);
				MACOSX_DEPLOYMENT_TARGET = 12.6;
				MARKETING_VERSION = 1.0;
				MODULE_VERIFIER_SUPPORTED_LANGUAGES = "objective-c objective-c++";
				MODULE_VERIFIER_SUPPORTED_LANGUAGE_STANDARDS = "gnu11 gnu++20";
				PRODUCT_BUNDLE_IDENTIFIER = "com.wei-tusng.EssentialFeedStudy";
				PRODUCT_NAME = "$(TARGET_NAME:c99extidentifier)";
				SKIP_INSTALL = YES;
				SUPPORTED_PLATFORMS = "macosx iphoneos iphonesimulator";
				SWIFT_EMIT_LOC_STRINGS = YES;
				SWIFT_VERSION = 5.0;
			};
			name = Release;
		};
		F47C3B6F2A5A9BD200B1F60E /* Debug */ = {
			isa = XCBuildConfiguration;
			buildSettings = {
				ALWAYS_EMBED_SWIFT_STANDARD_LIBRARIES = YES;
				CODE_SIGN_STYLE = Automatic;
				CURRENT_PROJECT_VERSION = 1;
				DEAD_CODE_STRIPPING = YES;
				DEVELOPMENT_TEAM = HA9F856YHB;
				GENERATE_INFOPLIST_FILE = YES;
				MACOSX_DEPLOYMENT_TARGET = 12.6;
				MARKETING_VERSION = 1.0;
				PRODUCT_BUNDLE_IDENTIFIER = "com.wei-tusng.EssentialFeedStudyTests";
				PRODUCT_NAME = "$(TARGET_NAME)";
				SUPPORTED_PLATFORMS = "macosx iphoneos iphonesimulator";
				SWIFT_EMIT_LOC_STRINGS = NO;
				SWIFT_VERSION = 5.0;
			};
			name = Debug;
		};
		F47C3B702A5A9BD200B1F60E /* Release */ = {
			isa = XCBuildConfiguration;
			buildSettings = {
				ALWAYS_EMBED_SWIFT_STANDARD_LIBRARIES = YES;
				CODE_SIGN_STYLE = Automatic;
				CURRENT_PROJECT_VERSION = 1;
				DEAD_CODE_STRIPPING = YES;
				DEVELOPMENT_TEAM = HA9F856YHB;
				GENERATE_INFOPLIST_FILE = YES;
				MACOSX_DEPLOYMENT_TARGET = 12.6;
				MARKETING_VERSION = 1.0;
				PRODUCT_BUNDLE_IDENTIFIER = "com.wei-tusng.EssentialFeedStudyTests";
				PRODUCT_NAME = "$(TARGET_NAME)";
				SUPPORTED_PLATFORMS = "macosx iphoneos iphonesimulator";
				SWIFT_EMIT_LOC_STRINGS = NO;
				SWIFT_VERSION = 5.0;
			};
			name = Release;
		};
		F4D1F0672A66D228002859B6 /* Debug */ = {
			isa = XCBuildConfiguration;
			buildSettings = {
				CODE_SIGN_STYLE = Automatic;
				CURRENT_PROJECT_VERSION = 1;
				DEAD_CODE_STRIPPING = YES;
				DEVELOPMENT_TEAM = HA9F856YHB;
				GENERATE_INFOPLIST_FILE = YES;
				MACOSX_DEPLOYMENT_TARGET = 12.6;
				MARKETING_VERSION = 1.0;
				PRODUCT_BUNDLE_IDENTIFIER = "com.wei-tusng.EssentialFeedStudyAPIEndToEndTests";
				PRODUCT_NAME = "$(TARGET_NAME)";
				SUPPORTED_PLATFORMS = "macosx iphoneos iphonesimulator";
				SWIFT_EMIT_LOC_STRINGS = NO;
				SWIFT_VERSION = 5.0;
			};
			name = Debug;
		};
		F4D1F0682A66D228002859B6 /* Release */ = {
			isa = XCBuildConfiguration;
			buildSettings = {
				CODE_SIGN_STYLE = Automatic;
				CURRENT_PROJECT_VERSION = 1;
				DEAD_CODE_STRIPPING = YES;
				DEVELOPMENT_TEAM = HA9F856YHB;
				GENERATE_INFOPLIST_FILE = YES;
				MACOSX_DEPLOYMENT_TARGET = 12.6;
				MARKETING_VERSION = 1.0;
				PRODUCT_BUNDLE_IDENTIFIER = "com.wei-tusng.EssentialFeedStudyAPIEndToEndTests";
				PRODUCT_NAME = "$(TARGET_NAME)";
				SUPPORTED_PLATFORMS = "macosx iphoneos iphonesimulator";
				SWIFT_EMIT_LOC_STRINGS = NO;
				SWIFT_VERSION = 5.0;
			};
			name = Release;
		};
/* End XCBuildConfiguration section */

/* Begin XCConfigurationList section */
		F40D62732A8F5145009D2748 /* Build configuration list for PBXNativeTarget "EssentailFeediOS" */ = {
			isa = XCConfigurationList;
			buildConfigurations = (
				F40D62742A8F5145009D2748 /* Debug */,
				F40D62752A8F5145009D2748 /* Release */,
			);
			defaultConfigurationIsVisible = 0;
			defaultConfigurationName = Release;
		};
		F40D62762A8F5145009D2748 /* Build configuration list for PBXNativeTarget "EssentailFeediOSTests" */ = {
			isa = XCConfigurationList;
			buildConfigurations = (
				F40D62772A8F5145009D2748 /* Debug */,
				F40D62782A8F5145009D2748 /* Release */,
			);
			defaultConfigurationIsVisible = 0;
			defaultConfigurationName = Release;
		};
		F43424482A8A9BC900CE0ED1 /* Build configuration list for PBXNativeTarget "EssentialFeedCacheIntegrationTests" */ = {
			isa = XCConfigurationList;
			buildConfigurations = (
				F43424462A8A9BC900CE0ED1 /* Debug */,
				F43424472A8A9BC900CE0ED1 /* Release */,
			);
			defaultConfigurationIsVisible = 0;
			defaultConfigurationName = Release;
		};
		F47C3B532A5A9BD200B1F60E /* Build configuration list for PBXProject "EssentialFeedStudy" */ = {
			isa = XCConfigurationList;
			buildConfigurations = (
				F47C3B692A5A9BD200B1F60E /* Debug */,
				F47C3B6A2A5A9BD200B1F60E /* Release */,
			);
			defaultConfigurationIsVisible = 0;
			defaultConfigurationName = Release;
		};
		F47C3B6B2A5A9BD200B1F60E /* Build configuration list for PBXNativeTarget "EssentialFeedStudy" */ = {
			isa = XCConfigurationList;
			buildConfigurations = (
				F47C3B6C2A5A9BD200B1F60E /* Debug */,
				F47C3B6D2A5A9BD200B1F60E /* Release */,
			);
			defaultConfigurationIsVisible = 0;
			defaultConfigurationName = Release;
		};
		F47C3B6E2A5A9BD200B1F60E /* Build configuration list for PBXNativeTarget "EssentialFeedStudyTests" */ = {
			isa = XCConfigurationList;
			buildConfigurations = (
				F47C3B6F2A5A9BD200B1F60E /* Debug */,
				F47C3B702A5A9BD200B1F60E /* Release */,
			);
			defaultConfigurationIsVisible = 0;
			defaultConfigurationName = Release;
		};
		F4D1F0662A66D228002859B6 /* Build configuration list for PBXNativeTarget "EssentialFeedStudyAPIEndToEndTests" */ = {
			isa = XCConfigurationList;
			buildConfigurations = (
				F4D1F0672A66D228002859B6 /* Debug */,
				F4D1F0682A66D228002859B6 /* Release */,
			);
			defaultConfigurationIsVisible = 0;
			defaultConfigurationName = Release;
		};
/* End XCConfigurationList section */

/* Begin XCVersionGroup section */
		F434242F2A86098900CE0ED1 /* FeedStore.xcdatamodeld */ = {
			isa = XCVersionGroup;
			children = (
				F43424302A86098900CE0ED1 /* FeedStore.xcdatamodel */,
			);
			currentVersion = F43424302A86098900CE0ED1 /* FeedStore.xcdatamodel */;
			path = FeedStore.xcdatamodeld;
			sourceTree = "<group>";
			versionGroupType = wrapper.xcdatamodel;
		};
/* End XCVersionGroup section */
	};
	rootObject = F47C3B502A5A9BD200B1F60E /* Project object */;
}
